// !$*UTF8*$!
{
	archiveVersion = 1;
	classes = {
	};
	objectVersion = 56;
	objects = {

/* Begin PBXBuildFile section */
		DE06B9762CFC38B900CB4AEA /* UserRepository.swift in Sources */ = {isa = PBXBuildFile; fileRef = DE06B9752CFC38B900CB4AEA /* UserRepository.swift */; };
		DE06B97A2CFC431400CB4AEA /* PlayerRepository.swift in Sources */ = {isa = PBXBuildFile; fileRef = DE06B9792CFC431400CB4AEA /* PlayerRepository.swift */; };
		DE12A74A2C553F6D00F7B0DF /* MovePanelViewButton.swift in Sources */ = {isa = PBXBuildFile; fileRef = DE12A7492C553F6D00F7B0DF /* MovePanelViewButton.swift */; };
		DE12A74F2C66722C00F7B0DF /* ResultView.swift in Sources */ = {isa = PBXBuildFile; fileRef = DE12A74E2C66722C00F7B0DF /* ResultView.swift */; };
		DE12A7532C6672CD00F7B0DF /* RankResultViewCell.swift in Sources */ = {isa = PBXBuildFile; fileRef = DE12A7522C6672CD00F7B0DF /* RankResultViewCell.swift */; };
		DE12A75E2C75883B00F7B0DF /* Notice.swift in Sources */ = {isa = PBXBuildFile; fileRef = DE12A75D2C75883B00F7B0DF /* Notice.swift */; };
		DE12A7612C758E8900F7B0DF /* NoticeView.swift in Sources */ = {isa = PBXBuildFile; fileRef = DE12A7602C758E8900F7B0DF /* NoticeView.swift */; };
		DE12A7632C75999700F7B0DF /* NoticeViewCell.swift in Sources */ = {isa = PBXBuildFile; fileRef = DE12A7622C75999700F7B0DF /* NoticeViewCell.swift */; };
		DE12A7662C7A242900F7B0DF /* InviteView.swift in Sources */ = {isa = PBXBuildFile; fileRef = DE12A7652C7A242900F7B0DF /* InviteView.swift */; };
		DE12A7682C7A243300F7B0DF /* InviteViewCell.swift in Sources */ = {isa = PBXBuildFile; fileRef = DE12A7672C7A243300F7B0DF /* InviteViewCell.swift */; };
		DE2052FC2D43923C00D2A82E /* ApplyingViewCell.swift in Sources */ = {isa = PBXBuildFile; fileRef = DE2052FB2D43923C00D2A82E /* ApplyingViewCell.swift */; };
		DE2053052D51BA9000D2A82E /* PlayerInfoListView.swift in Sources */ = {isa = PBXBuildFile; fileRef = DE2053042D51BA9000D2A82E /* PlayerInfoListView.swift */; };
		DE5747E82D780BB70054CD52 /* DealCreate.swift in Sources */ = {isa = PBXBuildFile; fileRef = DE5747E72D780BB70054CD52 /* DealCreate.swift */; };
		DE5747EA2D7DE7480054CD52 /* PlayerExtension.swift in Sources */ = {isa = PBXBuildFile; fileRef = DE5747E92D7DE7480054CD52 /* PlayerExtension.swift */; };
		DE5747EE2D7DED7E0054CD52 /* DealPanelViewProposedCell.swift in Sources */ = {isa = PBXBuildFile; fileRef = DE5747ED2D7DED7E0054CD52 /* DealPanelViewProposedCell.swift */; };
		DE5748762D8324ED0054CD52 /* Tips.swift in Sources */ = {isa = PBXBuildFile; fileRef = DE5748752D8324ED0054CD52 /* Tips.swift */; };
		DE5748792D890B650054CD52 /* TutorialPublicRoomsView.swift in Sources */ = {isa = PBXBuildFile; fileRef = DE5748782D890B650054CD52 /* TutorialPublicRoomsView.swift */; };
		DE57487B2D890B8D0054CD52 /* TutorialRoomSettingView.swift in Sources */ = {isa = PBXBuildFile; fileRef = DE57487A2D890B8D0054CD52 /* TutorialRoomSettingView.swift */; };
		DE57487D2D890BDA0054CD52 /* TutorialWaitingRoomView.swift in Sources */ = {isa = PBXBuildFile; fileRef = DE57487C2D890BDA0054CD52 /* TutorialWaitingRoomView.swift */; };
		DE57487F2D890BE90054CD52 /* TutorialGameVIew.swift in Sources */ = {isa = PBXBuildFile; fileRef = DE57487E2D890BE90054CD52 /* TutorialGameVIew.swift */; };
		DE5748822D890C150054CD52 /* TutorialResultView.swift in Sources */ = {isa = PBXBuildFile; fileRef = DE5748812D890C150054CD52 /* TutorialResultView.swift */; };
		DE5748842D890C260054CD52 /* TutorialView.swift in Sources */ = {isa = PBXBuildFile; fileRef = DE5748832D890C260054CD52 /* TutorialView.swift */; };
		DE5748862D890CC60054CD52 /* TutorialDataStore.swift in Sources */ = {isa = PBXBuildFile; fileRef = DE5748852D890CC60054CD52 /* TutorialDataStore.swift */; };
		DE5748882D893F000054CD52 /* TutorialRoomSettingViewCell.swift in Sources */ = {isa = PBXBuildFile; fileRef = DE5748872D893F000054CD52 /* TutorialRoomSettingViewCell.swift */; };
		DE57488A2D89457E0054CD52 /* TutorialWaitingRoomViewCell.swift in Sources */ = {isa = PBXBuildFile; fileRef = DE5748892D89457E0054CD52 /* TutorialWaitingRoomViewCell.swift */; };
		DE57488C2D8963100054CD52 /* TutorialFieldMapView.swift in Sources */ = {isa = PBXBuildFile; fileRef = DE57488B2D8963100054CD52 /* TutorialFieldMapView.swift */; };
		DE57488E2D89631D0054CD52 /* TutorialFieldMapViewCell.swift in Sources */ = {isa = PBXBuildFile; fileRef = DE57488D2D89631D0054CD52 /* TutorialFieldMapViewCell.swift */; };
		DE5748942D89659E0054CD52 /* TutorialSelectionView.swift in Sources */ = {isa = PBXBuildFile; fileRef = DE5748932D89659E0054CD52 /* TutorialSelectionView.swift */; };
		DE5748962D8965B10054CD52 /* TutorialControlPanelCoordination.swift in Sources */ = {isa = PBXBuildFile; fileRef = DE5748952D8965B10054CD52 /* TutorialControlPanelCoordination.swift */; };
		DE5748992D8965CF0054CD52 /* TutorialMovePanelView.swift in Sources */ = {isa = PBXBuildFile; fileRef = DE5748982D8965CF0054CD52 /* TutorialMovePanelView.swift */; };
		DE57489C2D8965EE0054CD52 /* TutorialMovePanelViewButton.swift in Sources */ = {isa = PBXBuildFile; fileRef = DE57489B2D8965EE0054CD52 /* TutorialMovePanelViewButton.swift */; };
		DE57489F2D89671E0054CD52 /* TutorialDealPanelView.swift in Sources */ = {isa = PBXBuildFile; fileRef = DE57489E2D89671E0054CD52 /* TutorialDealPanelView.swift */; };
		DE5748A12D8967790054CD52 /* TutorialDealPanelViewProposedCell.swift in Sources */ = {isa = PBXBuildFile; fileRef = DE5748A02D8967790054CD52 /* TutorialDealPanelViewProposedCell.swift */; };
		DE5748A42D8967A90054CD52 /* TutorialPlayerInfoView.swift in Sources */ = {isa = PBXBuildFile; fileRef = DE5748A32D8967A90054CD52 /* TutorialPlayerInfoView.swift */; };
		DE5748A82D896A2F0054CD52 /* TutorialDealPanelViewNegotiationCell.swift in Sources */ = {isa = PBXBuildFile; fileRef = DE5748A72D896A2F0054CD52 /* TutorialDealPanelViewNegotiationCell.swift */; };
		DE5748AA2D896CCC0054CD52 /* TutorialDealPanelViewCell.swift in Sources */ = {isa = PBXBuildFile; fileRef = DE5748A92D896CCC0054CD52 /* TutorialDealPanelViewCell.swift */; };
		DE5748AD2D897CEB0054CD52 /* TutorialResultViewCell.swift in Sources */ = {isa = PBXBuildFile; fileRef = DE5748AC2D897CEB0054CD52 /* TutorialResultViewCell.swift */; };
		DE5748AF2D92F07F0054CD52 /* DeleteUserView.swift in Sources */ = {isa = PBXBuildFile; fileRef = DE5748AE2D92F07F0054CD52 /* DeleteUserView.swift */; };
		DEAB384E2C1DC27D007639F6 /* WaitingRoomView.swift in Sources */ = {isa = PBXBuildFile; fileRef = DEAB384D2C1DC27D007639F6 /* WaitingRoomView.swift */; };
		DEAB385B2C1E9165007639F6 /* GoogleService-Info.plist in Resources */ = {isa = PBXBuildFile; fileRef = DEAB385A2C1E9165007639F6 /* GoogleService-Info.plist */; };
		DEAB38622C1EA178007639F6 /* Google.swift in Sources */ = {isa = PBXBuildFile; fileRef = DEAB38612C1EA178007639F6 /* Google.swift */; };
		DEAB386C2C1EAAA6007639F6 /* UserDataStore.swift in Sources */ = {isa = PBXBuildFile; fileRef = DEAB386B2C1EAAA6007639F6 /* UserDataStore.swift */; };
		DEAB386F2C1EB32E007639F6 /* User.swift in Sources */ = {isa = PBXBuildFile; fileRef = DEAB386E2C1EB32E007639F6 /* User.swift */; };
		DEAB38752C205FA8007639F6 /* PublicRoomsViewCell.swift in Sources */ = {isa = PBXBuildFile; fileRef = DEAB38742C205FA8007639F6 /* PublicRoomsViewCell.swift */; };
		DEAB38782C2060D3007639F6 /* MyPageListView.swift in Sources */ = {isa = PBXBuildFile; fileRef = DEAB38772C2060D3007639F6 /* MyPageListView.swift */; };
		DEAB387B2C2061C2007639F6 /* WaitingRoomViewCell.swift in Sources */ = {isa = PBXBuildFile; fileRef = DEAB387A2C2061C2007639F6 /* WaitingRoomViewCell.swift */; };
		DEB2B1EA2D5C7AAA007E01C9 /* PlayerInfoView.swift in Sources */ = {isa = PBXBuildFile; fileRef = DEB2B1E92D5C7AAA007E01C9 /* PlayerInfoView.swift */; };
		DEB2B1EC2D617835007E01C9 /* PlayerInfoListViewCell.swift in Sources */ = {isa = PBXBuildFile; fileRef = DEB2B1EB2D617835007E01C9 /* PlayerInfoListViewCell.swift */; };
		DEB2B1EE2D7402C7007E01C9 /* TimerDataStore.swift in Sources */ = {isa = PBXBuildFile; fileRef = DEB2B1ED2D7402C7007E01C9 /* TimerDataStore.swift */; };
		DEB2B1F02D741B7A007E01C9 /* AppVersionRepository.swift in Sources */ = {isa = PBXBuildFile; fileRef = DEB2B1EF2D741B7A007E01C9 /* AppVersionRepository.swift */; };
		DECFBB232C7ACA1700093544 /* DealPanelView.swift in Sources */ = {isa = PBXBuildFile; fileRef = DECFBB222C7ACA1700093544 /* DealPanelView.swift */; };
		DECFBB252C7ACA2300093544 /* DealPanelViewCell.swift in Sources */ = {isa = PBXBuildFile; fileRef = DECFBB242C7ACA2300093544 /* DealPanelViewCell.swift */; };
		DECFBB272C7ADF7000093544 /* Negotiation.swift in Sources */ = {isa = PBXBuildFile; fileRef = DECFBB262C7ADF7000093544 /* Negotiation.swift */; };
		DECFBB292C81F17900093544 /* Deal.swift in Sources */ = {isa = PBXBuildFile; fileRef = DECFBB282C81F17900093544 /* Deal.swift */; };
		DECFBB332C844CA000093544 /* FirebaseAuth in Frameworks */ = {isa = PBXBuildFile; productRef = DECFBB322C844CA000093544 /* FirebaseAuth */; };
		DECFBB352C844CA000093544 /* FirebaseFirestore in Frameworks */ = {isa = PBXBuildFile; productRef = DECFBB342C844CA000093544 /* FirebaseFirestore */; };
		DECFBB372C844CA000093544 /* FirebaseStorage in Frameworks */ = {isa = PBXBuildFile; productRef = DECFBB362C844CA000093544 /* FirebaseStorage */; };
		DECFBB3A2C844CAB00093544 /* GoogleSignIn in Frameworks */ = {isa = PBXBuildFile; productRef = DECFBB392C844CAB00093544 /* GoogleSignIn */; };
		DECFBB3C2C844CAC00093544 /* GoogleSignInSwift in Frameworks */ = {isa = PBXBuildFile; productRef = DECFBB3B2C844CAC00093544 /* GoogleSignInSwift */; };
		DEDB913C2C17343500A8DA37 /* play_tag_with_negotiationsApp.swift in Sources */ = {isa = PBXBuildFile; fileRef = DEDB913B2C17343500A8DA37 /* play_tag_with_negotiationsApp.swift */; };
		DEDB913E2C17343500A8DA37 /* ContentView.swift in Sources */ = {isa = PBXBuildFile; fileRef = DEDB913D2C17343500A8DA37 /* ContentView.swift */; };
		DEDB91402C17343600A8DA37 /* Assets.xcassets in Resources */ = {isa = PBXBuildFile; fileRef = DEDB913F2C17343600A8DA37 /* Assets.xcassets */; };
		DEDB91432C17343600A8DA37 /* Preview Assets.xcassets in Resources */ = {isa = PBXBuildFile; fileRef = DEDB91422C17343600A8DA37 /* Preview Assets.xcassets */; };
		DEDB914E2C173A2400A8DA37 /* PlayTagRoom.swift in Sources */ = {isa = PBXBuildFile; fileRef = DEDB914D2C173A2400A8DA37 /* PlayTagRoom.swift */; };
		DEDB91502C173F7C00A8DA37 /* Player.swift in Sources */ = {isa = PBXBuildFile; fileRef = DEDB914F2C173F7C00A8DA37 /* Player.swift */; };
		DEDB91532C17417700A8DA37 /* PublicRoomsView.swift in Sources */ = {isa = PBXBuildFile; fileRef = DEDB91522C17417700A8DA37 /* PublicRoomsView.swift */; };
		DEDB91552C18890400A8DA37 /* RoomSettingView.swift in Sources */ = {isa = PBXBuildFile; fileRef = DEDB91542C18890400A8DA37 /* RoomSettingView.swift */; };
		DEDB91582C189BCB00A8DA37 /* RoomSettingViewCell.swift in Sources */ = {isa = PBXBuildFile; fileRef = DEDB91572C189BCB00A8DA37 /* RoomSettingViewCell.swift */; };
		DEDB915A2C1B378900A8DA37 /* MyPageView.swift in Sources */ = {isa = PBXBuildFile; fileRef = DEDB91592C1B378900A8DA37 /* MyPageView.swift */; };
		DEDD96B62D06E49A008BAAF7 /* NoticeRepository.swift in Sources */ = {isa = PBXBuildFile; fileRef = DEDD96B52D06E49A008BAAF7 /* NoticeRepository.swift */; };
		DEDD96B82D06EAC0008BAAF7 /* FriendShipRepository.swift in Sources */ = {isa = PBXBuildFile; fileRef = DEDD96B72D06EAC0008BAAF7 /* FriendShipRepository.swift */; };
		DEDD96BA2D06F922008BAAF7 /* PlayTagRoomRepository.swift in Sources */ = {isa = PBXBuildFile; fileRef = DEDD96B92D06F922008BAAF7 /* PlayTagRoomRepository.swift */; };
		DEDD96BC2D070D15008BAAF7 /* PlayerPositionRepository.swift in Sources */ = {isa = PBXBuildFile; fileRef = DEDD96BB2D070D15008BAAF7 /* PlayerPositionRepository.swift */; };
		DEDD96BE2D0711E5008BAAF7 /* NegotiationRepository.swift in Sources */ = {isa = PBXBuildFile; fileRef = DEDD96BD2D0711E5008BAAF7 /* NegotiationRepository.swift */; };
		DEDD96C02D071381008BAAF7 /* DealRepository.swift in Sources */ = {isa = PBXBuildFile; fileRef = DEDD96BF2D071381008BAAF7 /* DealRepository.swift */; };
		DEDD96C32D072D1D008BAAF7 /* Algorithms in Frameworks */ = {isa = PBXBuildFile; productRef = DEDD96C22D072D1D008BAAF7 /* Algorithms */; };
		DEDEF6EF2C2341D600A01FFF /* Apple.swift in Sources */ = {isa = PBXBuildFile; fileRef = DEDEF6EE2C2341D600A01FFF /* Apple.swift */; };
		DEDEF6F32C23C9AF00A01FFF /* GameView.swift in Sources */ = {isa = PBXBuildFile; fileRef = DEDEF6F22C23C9AF00A01FFF /* GameView.swift */; };
		DEDEF6F52C23C9BB00A01FFF /* FieldMapView.swift in Sources */ = {isa = PBXBuildFile; fileRef = DEDEF6F42C23C9BB00A01FFF /* FieldMapView.swift */; };
		DEE9FA7D2D939CB4005D8276 /* PlayedRoomId.swift in Sources */ = {isa = PBXBuildFile; fileRef = DEE9FA7C2D939CB4005D8276 /* PlayedRoomId.swift */; };
		DEE9FA7F2D93DDC1005D8276 /* NotRankResultViewCell.swift in Sources */ = {isa = PBXBuildFile; fileRef = DEE9FA7E2D93DDC1005D8276 /* NotRankResultViewCell.swift */; };
		DEFA1C1F2C8C976400CB4458 /* DealSuccess.swift in Sources */ = {isa = PBXBuildFile; fileRef = DEFA1C1E2C8C976400CB4458 /* DealSuccess.swift */; };
		DEFA1C212C8CB17700CB4458 /* DealPanelViewNegotiationCell.swift in Sources */ = {isa = PBXBuildFile; fileRef = DEFA1C202C8CB17700CB4458 /* DealPanelViewNegotiationCell.swift */; };
		DEFA1C252C8DB0FF00CB4458 /* DealFulfill.swift in Sources */ = {isa = PBXBuildFile; fileRef = DEFA1C242C8DB0FF00CB4458 /* DealFulfill.swift */; };
		DEFA54D02C246E2300CF6BD1 /* PlayerPosition.swift in Sources */ = {isa = PBXBuildFile; fileRef = DEFA54CF2C246E2300CF6BD1 /* PlayerPosition.swift */; };
		DEFA54D22C3103D100CF6BD1 /* PlayerDataStore.swift in Sources */ = {isa = PBXBuildFile; fileRef = DEFA54D12C3103D100CF6BD1 /* PlayerDataStore.swift */; };
		DEFA54DA2C39076C00CF6BD1 /* RoomInfomationView.swift in Sources */ = {isa = PBXBuildFile; fileRef = DEFA54D92C39076C00CF6BD1 /* RoomInfomationView.swift */; };
		DEFA54DC2C3907D800CF6BD1 /* RoomInfomationViewCell.swift in Sources */ = {isa = PBXBuildFile; fileRef = DEFA54DB2C3907D800CF6BD1 /* RoomInfomationViewCell.swift */; };
		DEFA54DF2C3989FC00CF6BD1 /* Upload.swift in Sources */ = {isa = PBXBuildFile; fileRef = DEFA54DE2C3989FC00CF6BD1 /* Upload.swift */; };
		DEFA54E12C39955200CF6BD1 /* Download.swift in Sources */ = {isa = PBXBuildFile; fileRef = DEFA54E02C39955200CF6BD1 /* Download.swift */; };
		DEFA54F22C3D4E6400CF6BD1 /* AuthRepository.swift in Sources */ = {isa = PBXBuildFile; fileRef = DEFA54F12C3D4E6400CF6BD1 /* AuthRepository.swift */; };
		DEFA54F42C3D5C6700CF6BD1 /* RoomDataStore.swift in Sources */ = {isa = PBXBuildFile; fileRef = DEFA54F32C3D5C6700CF6BD1 /* RoomDataStore.swift */; };
		DEFA54F72C3E9EB800CF6BD1 /* PathDataStore.swift in Sources */ = {isa = PBXBuildFile; fileRef = DEFA54F62C3E9EB800CF6BD1 /* PathDataStore.swift */; };
		DEFA55002C401D6200CF6BD1 /* FriendShip.swift in Sources */ = {isa = PBXBuildFile; fileRef = DEFA54FF2C401D6200CF6BD1 /* FriendShip.swift */; };
		DEFA55032C40204500CF6BD1 /* SelectionView.swift in Sources */ = {isa = PBXBuildFile; fileRef = DEFA55022C40204500CF6BD1 /* SelectionView.swift */; };
		DEFA55052C402DB700CF6BD1 /* MovePanelView.swift in Sources */ = {isa = PBXBuildFile; fileRef = DEFA55042C402DB700CF6BD1 /* MovePanelView.swift */; };
		DEFA55072C4149A100CF6BD1 /* DealClientPanelView.swift in Sources */ = {isa = PBXBuildFile; fileRef = DEFA55062C4149A100CF6BD1 /* DealClientPanelView.swift */; };
		DEFA550A2C414AC500CF6BD1 /* DealClientPanelViewCell.swift in Sources */ = {isa = PBXBuildFile; fileRef = DEFA55092C414AC500CF6BD1 /* DealClientPanelViewCell.swift */; };
		DEFA550C2C416F8700CF6BD1 /* ControlPanelCoordination.swift in Sources */ = {isa = PBXBuildFile; fileRef = DEFA550B2C416F8700CF6BD1 /* ControlPanelCoordination.swift */; };
		DEFA550F2C4265A500CF6BD1 /* FriendShipView.swift in Sources */ = {isa = PBXBuildFile; fileRef = DEFA550E2C4265A500CF6BD1 /* FriendShipView.swift */; };
		DEFA55112C42669500CF6BD1 /* FriendDataStore.swift in Sources */ = {isa = PBXBuildFile; fileRef = DEFA55102C42669500CF6BD1 /* FriendDataStore.swift */; };
		DEFA55132C426CD200CF6BD1 /* FriendViewCell.swift in Sources */ = {isa = PBXBuildFile; fileRef = DEFA55122C426CD200CF6BD1 /* FriendViewCell.swift */; };
		DEFA55162C42BDF800CF6BD1 /* PendingViewCell.swift in Sources */ = {isa = PBXBuildFile; fileRef = DEFA55152C42BDF800CF6BD1 /* PendingViewCell.swift */; };
		DEFA551B2C43A07D00CF6BD1 /* ArrayExtension.swift in Sources */ = {isa = PBXBuildFile; fileRef = DEFA551A2C43A07D00CF6BD1 /* ArrayExtension.swift */; };
		DEFA55222C4C1FB200CF6BD1 /* SignInView.swift in Sources */ = {isa = PBXBuildFile; fileRef = DEFA55212C4C1FB200CF6BD1 /* SignInView.swift */; };
		DEFA55262C4EA1B300CF6BD1 /* FieldMapViewCell.swift in Sources */ = {isa = PBXBuildFile; fileRef = DEFA55252C4EA1B300CF6BD1 /* FieldMapViewCell.swift */; };
/* End PBXBuildFile section */

/* Begin PBXFileReference section */
		DE06B9752CFC38B900CB4AEA /* UserRepository.swift */ = {isa = PBXFileReference; lastKnownFileType = sourcecode.swift; path = UserRepository.swift; sourceTree = "<group>"; };
		DE06B9792CFC431400CB4AEA /* PlayerRepository.swift */ = {isa = PBXFileReference; lastKnownFileType = sourcecode.swift; path = PlayerRepository.swift; sourceTree = "<group>"; };
		DE12A7492C553F6D00F7B0DF /* MovePanelViewButton.swift */ = {isa = PBXFileReference; lastKnownFileType = sourcecode.swift; path = MovePanelViewButton.swift; sourceTree = "<group>"; };
		DE12A74E2C66722C00F7B0DF /* ResultView.swift */ = {isa = PBXFileReference; lastKnownFileType = sourcecode.swift; path = ResultView.swift; sourceTree = "<group>"; };
		DE12A7522C6672CD00F7B0DF /* RankResultViewCell.swift */ = {isa = PBXFileReference; lastKnownFileType = sourcecode.swift; path = RankResultViewCell.swift; sourceTree = "<group>"; };
		DE12A75D2C75883B00F7B0DF /* Notice.swift */ = {isa = PBXFileReference; lastKnownFileType = sourcecode.swift; path = Notice.swift; sourceTree = "<group>"; };
		DE12A7602C758E8900F7B0DF /* NoticeView.swift */ = {isa = PBXFileReference; lastKnownFileType = sourcecode.swift; path = NoticeView.swift; sourceTree = "<group>"; };
		DE12A7622C75999700F7B0DF /* NoticeViewCell.swift */ = {isa = PBXFileReference; lastKnownFileType = sourcecode.swift; path = NoticeViewCell.swift; sourceTree = "<group>"; };
		DE12A7652C7A242900F7B0DF /* InviteView.swift */ = {isa = PBXFileReference; lastKnownFileType = sourcecode.swift; path = InviteView.swift; sourceTree = "<group>"; };
		DE12A7672C7A243300F7B0DF /* InviteViewCell.swift */ = {isa = PBXFileReference; lastKnownFileType = sourcecode.swift; path = InviteViewCell.swift; sourceTree = "<group>"; };
		DE2052FB2D43923C00D2A82E /* ApplyingViewCell.swift */ = {isa = PBXFileReference; lastKnownFileType = sourcecode.swift; path = ApplyingViewCell.swift; sourceTree = "<group>"; };
		DE2053042D51BA9000D2A82E /* PlayerInfoListView.swift */ = {isa = PBXFileReference; lastKnownFileType = sourcecode.swift; path = PlayerInfoListView.swift; sourceTree = "<group>"; };
		DE5747E72D780BB70054CD52 /* DealCreate.swift */ = {isa = PBXFileReference; lastKnownFileType = sourcecode.swift; path = DealCreate.swift; sourceTree = "<group>"; };
		DE5747E92D7DE7480054CD52 /* PlayerExtension.swift */ = {isa = PBXFileReference; lastKnownFileType = sourcecode.swift; path = PlayerExtension.swift; sourceTree = "<group>"; };
		DE5747ED2D7DED7E0054CD52 /* DealPanelViewProposedCell.swift */ = {isa = PBXFileReference; lastKnownFileType = sourcecode.swift; path = DealPanelViewProposedCell.swift; sourceTree = "<group>"; };
		DE5748752D8324ED0054CD52 /* Tips.swift */ = {isa = PBXFileReference; lastKnownFileType = sourcecode.swift; path = Tips.swift; sourceTree = "<group>"; };
		DE5748782D890B650054CD52 /* TutorialPublicRoomsView.swift */ = {isa = PBXFileReference; lastKnownFileType = sourcecode.swift; path = TutorialPublicRoomsView.swift; sourceTree = "<group>"; };
		DE57487A2D890B8D0054CD52 /* TutorialRoomSettingView.swift */ = {isa = PBXFileReference; lastKnownFileType = sourcecode.swift; path = TutorialRoomSettingView.swift; sourceTree = "<group>"; };
		DE57487C2D890BDA0054CD52 /* TutorialWaitingRoomView.swift */ = {isa = PBXFileReference; lastKnownFileType = sourcecode.swift; path = TutorialWaitingRoomView.swift; sourceTree = "<group>"; };
		DE57487E2D890BE90054CD52 /* TutorialGameVIew.swift */ = {isa = PBXFileReference; lastKnownFileType = sourcecode.swift; path = TutorialGameVIew.swift; sourceTree = "<group>"; };
		DE5748812D890C150054CD52 /* TutorialResultView.swift */ = {isa = PBXFileReference; lastKnownFileType = sourcecode.swift; path = TutorialResultView.swift; sourceTree = "<group>"; };
		DE5748832D890C260054CD52 /* TutorialView.swift */ = {isa = PBXFileReference; lastKnownFileType = sourcecode.swift; path = TutorialView.swift; sourceTree = "<group>"; };
		DE5748852D890CC60054CD52 /* TutorialDataStore.swift */ = {isa = PBXFileReference; lastKnownFileType = sourcecode.swift; path = TutorialDataStore.swift; sourceTree = "<group>"; };
		DE5748872D893F000054CD52 /* TutorialRoomSettingViewCell.swift */ = {isa = PBXFileReference; lastKnownFileType = sourcecode.swift; path = TutorialRoomSettingViewCell.swift; sourceTree = "<group>"; };
		DE5748892D89457E0054CD52 /* TutorialWaitingRoomViewCell.swift */ = {isa = PBXFileReference; lastKnownFileType = sourcecode.swift; path = TutorialWaitingRoomViewCell.swift; sourceTree = "<group>"; };
		DE57488B2D8963100054CD52 /* TutorialFieldMapView.swift */ = {isa = PBXFileReference; lastKnownFileType = sourcecode.swift; path = TutorialFieldMapView.swift; sourceTree = "<group>"; };
		DE57488D2D89631D0054CD52 /* TutorialFieldMapViewCell.swift */ = {isa = PBXFileReference; lastKnownFileType = sourcecode.swift; path = TutorialFieldMapViewCell.swift; sourceTree = "<group>"; };
		DE5748932D89659E0054CD52 /* TutorialSelectionView.swift */ = {isa = PBXFileReference; lastKnownFileType = sourcecode.swift; path = TutorialSelectionView.swift; sourceTree = "<group>"; };
		DE5748952D8965B10054CD52 /* TutorialControlPanelCoordination.swift */ = {isa = PBXFileReference; lastKnownFileType = sourcecode.swift; path = TutorialControlPanelCoordination.swift; sourceTree = "<group>"; };
		DE5748982D8965CF0054CD52 /* TutorialMovePanelView.swift */ = {isa = PBXFileReference; lastKnownFileType = sourcecode.swift; path = TutorialMovePanelView.swift; sourceTree = "<group>"; };
		DE57489B2D8965EE0054CD52 /* TutorialMovePanelViewButton.swift */ = {isa = PBXFileReference; lastKnownFileType = sourcecode.swift; path = TutorialMovePanelViewButton.swift; sourceTree = "<group>"; };
		DE57489E2D89671E0054CD52 /* TutorialDealPanelView.swift */ = {isa = PBXFileReference; lastKnownFileType = sourcecode.swift; path = TutorialDealPanelView.swift; sourceTree = "<group>"; };
		DE5748A02D8967790054CD52 /* TutorialDealPanelViewProposedCell.swift */ = {isa = PBXFileReference; lastKnownFileType = sourcecode.swift; path = TutorialDealPanelViewProposedCell.swift; sourceTree = "<group>"; };
		DE5748A32D8967A90054CD52 /* TutorialPlayerInfoView.swift */ = {isa = PBXFileReference; lastKnownFileType = sourcecode.swift; path = TutorialPlayerInfoView.swift; sourceTree = "<group>"; };
		DE5748A72D896A2F0054CD52 /* TutorialDealPanelViewNegotiationCell.swift */ = {isa = PBXFileReference; lastKnownFileType = sourcecode.swift; path = TutorialDealPanelViewNegotiationCell.swift; sourceTree = "<group>"; };
		DE5748A92D896CCC0054CD52 /* TutorialDealPanelViewCell.swift */ = {isa = PBXFileReference; lastKnownFileType = sourcecode.swift; path = TutorialDealPanelViewCell.swift; sourceTree = "<group>"; };
		DE5748AC2D897CEB0054CD52 /* TutorialResultViewCell.swift */ = {isa = PBXFileReference; lastKnownFileType = sourcecode.swift; path = TutorialResultViewCell.swift; sourceTree = "<group>"; };
		DE5748AE2D92F07F0054CD52 /* DeleteUserView.swift */ = {isa = PBXFileReference; lastKnownFileType = sourcecode.swift; path = DeleteUserView.swift; sourceTree = "<group>"; };
		DEAB384D2C1DC27D007639F6 /* WaitingRoomView.swift */ = {isa = PBXFileReference; lastKnownFileType = sourcecode.swift; path = WaitingRoomView.swift; sourceTree = "<group>"; };
		DEAB385A2C1E9165007639F6 /* GoogleService-Info.plist */ = {isa = PBXFileReference; fileEncoding = 4; lastKnownFileType = text.plist.xml; path = "GoogleService-Info.plist"; sourceTree = "<group>"; };
		DEAB38612C1EA178007639F6 /* Google.swift */ = {isa = PBXFileReference; lastKnownFileType = sourcecode.swift; path = Google.swift; sourceTree = "<group>"; };
		DEAB386B2C1EAAA6007639F6 /* UserDataStore.swift */ = {isa = PBXFileReference; lastKnownFileType = sourcecode.swift; path = UserDataStore.swift; sourceTree = "<group>"; };
		DEAB386D2C1EABED007639F6 /* Info.plist */ = {isa = PBXFileReference; lastKnownFileType = text.plist; path = Info.plist; sourceTree = "<group>"; };
		DEAB386E2C1EB32E007639F6 /* User.swift */ = {isa = PBXFileReference; lastKnownFileType = sourcecode.swift; path = User.swift; sourceTree = "<group>"; };
		DEAB38742C205FA8007639F6 /* PublicRoomsViewCell.swift */ = {isa = PBXFileReference; lastKnownFileType = sourcecode.swift; path = PublicRoomsViewCell.swift; sourceTree = "<group>"; };
		DEAB38772C2060D3007639F6 /* MyPageListView.swift */ = {isa = PBXFileReference; lastKnownFileType = sourcecode.swift; path = MyPageListView.swift; sourceTree = "<group>"; };
		DEAB387A2C2061C2007639F6 /* WaitingRoomViewCell.swift */ = {isa = PBXFileReference; lastKnownFileType = sourcecode.swift; path = WaitingRoomViewCell.swift; sourceTree = "<group>"; };
		DEB2B1E92D5C7AAA007E01C9 /* PlayerInfoView.swift */ = {isa = PBXFileReference; lastKnownFileType = sourcecode.swift; path = PlayerInfoView.swift; sourceTree = "<group>"; };
		DEB2B1EB2D617835007E01C9 /* PlayerInfoListViewCell.swift */ = {isa = PBXFileReference; lastKnownFileType = sourcecode.swift; path = PlayerInfoListViewCell.swift; sourceTree = "<group>"; };
		DEB2B1ED2D7402C7007E01C9 /* TimerDataStore.swift */ = {isa = PBXFileReference; lastKnownFileType = sourcecode.swift; path = TimerDataStore.swift; sourceTree = "<group>"; };
		DEB2B1EF2D741B7A007E01C9 /* AppVersionRepository.swift */ = {isa = PBXFileReference; lastKnownFileType = sourcecode.swift; path = AppVersionRepository.swift; sourceTree = "<group>"; };
		DECFBB222C7ACA1700093544 /* DealPanelView.swift */ = {isa = PBXFileReference; lastKnownFileType = sourcecode.swift; path = DealPanelView.swift; sourceTree = "<group>"; };
		DECFBB242C7ACA2300093544 /* DealPanelViewCell.swift */ = {isa = PBXFileReference; lastKnownFileType = sourcecode.swift; path = DealPanelViewCell.swift; sourceTree = "<group>"; };
		DECFBB262C7ADF7000093544 /* Negotiation.swift */ = {isa = PBXFileReference; lastKnownFileType = sourcecode.swift; path = Negotiation.swift; sourceTree = "<group>"; };
		DECFBB282C81F17900093544 /* Deal.swift */ = {isa = PBXFileReference; lastKnownFileType = sourcecode.swift; path = Deal.swift; sourceTree = "<group>"; };
		DEDB91382C17343500A8DA37 /* play-tag-with-negotiations.app */ = {isa = PBXFileReference; explicitFileType = wrapper.application; includeInIndex = 0; path = "play-tag-with-negotiations.app"; sourceTree = BUILT_PRODUCTS_DIR; };
		DEDB913B2C17343500A8DA37 /* play_tag_with_negotiationsApp.swift */ = {isa = PBXFileReference; lastKnownFileType = sourcecode.swift; path = play_tag_with_negotiationsApp.swift; sourceTree = "<group>"; };
		DEDB913D2C17343500A8DA37 /* ContentView.swift */ = {isa = PBXFileReference; lastKnownFileType = sourcecode.swift; path = ContentView.swift; sourceTree = "<group>"; };
		DEDB913F2C17343600A8DA37 /* Assets.xcassets */ = {isa = PBXFileReference; lastKnownFileType = folder.assetcatalog; path = Assets.xcassets; sourceTree = "<group>"; };
		DEDB91422C17343600A8DA37 /* Preview Assets.xcassets */ = {isa = PBXFileReference; lastKnownFileType = folder.assetcatalog; path = "Preview Assets.xcassets"; sourceTree = "<group>"; };
		DEDB914D2C173A2400A8DA37 /* PlayTagRoom.swift */ = {isa = PBXFileReference; lastKnownFileType = sourcecode.swift; path = PlayTagRoom.swift; sourceTree = "<group>"; };
		DEDB914F2C173F7C00A8DA37 /* Player.swift */ = {isa = PBXFileReference; lastKnownFileType = sourcecode.swift; path = Player.swift; sourceTree = "<group>"; };
		DEDB91522C17417700A8DA37 /* PublicRoomsView.swift */ = {isa = PBXFileReference; lastKnownFileType = sourcecode.swift; path = PublicRoomsView.swift; sourceTree = "<group>"; };
		DEDB91542C18890400A8DA37 /* RoomSettingView.swift */ = {isa = PBXFileReference; lastKnownFileType = sourcecode.swift; path = RoomSettingView.swift; sourceTree = "<group>"; };
		DEDB91572C189BCB00A8DA37 /* RoomSettingViewCell.swift */ = {isa = PBXFileReference; lastKnownFileType = sourcecode.swift; path = RoomSettingViewCell.swift; sourceTree = "<group>"; };
		DEDB91592C1B378900A8DA37 /* MyPageView.swift */ = {isa = PBXFileReference; lastKnownFileType = sourcecode.swift; path = MyPageView.swift; sourceTree = "<group>"; };
		DEDD96B52D06E49A008BAAF7 /* NoticeRepository.swift */ = {isa = PBXFileReference; lastKnownFileType = sourcecode.swift; path = NoticeRepository.swift; sourceTree = "<group>"; };
		DEDD96B72D06EAC0008BAAF7 /* FriendShipRepository.swift */ = {isa = PBXFileReference; lastKnownFileType = sourcecode.swift; path = FriendShipRepository.swift; sourceTree = "<group>"; };
		DEDD96B92D06F922008BAAF7 /* PlayTagRoomRepository.swift */ = {isa = PBXFileReference; lastKnownFileType = sourcecode.swift; path = PlayTagRoomRepository.swift; sourceTree = "<group>"; };
		DEDD96BB2D070D15008BAAF7 /* PlayerPositionRepository.swift */ = {isa = PBXFileReference; lastKnownFileType = sourcecode.swift; path = PlayerPositionRepository.swift; sourceTree = "<group>"; };
		DEDD96BD2D0711E5008BAAF7 /* NegotiationRepository.swift */ = {isa = PBXFileReference; lastKnownFileType = sourcecode.swift; path = NegotiationRepository.swift; sourceTree = "<group>"; };
		DEDD96BF2D071381008BAAF7 /* DealRepository.swift */ = {isa = PBXFileReference; lastKnownFileType = sourcecode.swift; path = DealRepository.swift; sourceTree = "<group>"; };
		DEDEF6ED2C233C5B00A01FFF /* play-tag-with-negotiations.entitlements */ = {isa = PBXFileReference; lastKnownFileType = text.plist.entitlements; path = "play-tag-with-negotiations.entitlements"; sourceTree = "<group>"; };
		DEDEF6EE2C2341D600A01FFF /* Apple.swift */ = {isa = PBXFileReference; lastKnownFileType = sourcecode.swift; path = Apple.swift; sourceTree = "<group>"; };
		DEDEF6F22C23C9AF00A01FFF /* GameView.swift */ = {isa = PBXFileReference; lastKnownFileType = sourcecode.swift; path = GameView.swift; sourceTree = "<group>"; };
		DEDEF6F42C23C9BB00A01FFF /* FieldMapView.swift */ = {isa = PBXFileReference; lastKnownFileType = sourcecode.swift; path = FieldMapView.swift; sourceTree = "<group>"; };
		DEE9FA7C2D939CB4005D8276 /* PlayedRoomId.swift */ = {isa = PBXFileReference; lastKnownFileType = sourcecode.swift; path = PlayedRoomId.swift; sourceTree = "<group>"; };
		DEE9FA7E2D93DDC1005D8276 /* NotRankResultViewCell.swift */ = {isa = PBXFileReference; lastKnownFileType = sourcecode.swift; path = NotRankResultViewCell.swift; sourceTree = "<group>"; };
		DEFA1C1E2C8C976400CB4458 /* DealSuccess.swift */ = {isa = PBXFileReference; lastKnownFileType = sourcecode.swift; path = DealSuccess.swift; sourceTree = "<group>"; };
		DEFA1C202C8CB17700CB4458 /* DealPanelViewNegotiationCell.swift */ = {isa = PBXFileReference; lastKnownFileType = sourcecode.swift; path = DealPanelViewNegotiationCell.swift; sourceTree = "<group>"; };
		DEFA1C242C8DB0FF00CB4458 /* DealFulfill.swift */ = {isa = PBXFileReference; lastKnownFileType = sourcecode.swift; path = DealFulfill.swift; sourceTree = "<group>"; };
		DEFA54CF2C246E2300CF6BD1 /* PlayerPosition.swift */ = {isa = PBXFileReference; lastKnownFileType = sourcecode.swift; path = PlayerPosition.swift; sourceTree = "<group>"; };
		DEFA54D12C3103D100CF6BD1 /* PlayerDataStore.swift */ = {isa = PBXFileReference; lastKnownFileType = sourcecode.swift; path = PlayerDataStore.swift; sourceTree = "<group>"; };
		DEFA54D92C39076C00CF6BD1 /* RoomInfomationView.swift */ = {isa = PBXFileReference; lastKnownFileType = sourcecode.swift; path = RoomInfomationView.swift; sourceTree = "<group>"; };
		DEFA54DB2C3907D800CF6BD1 /* RoomInfomationViewCell.swift */ = {isa = PBXFileReference; lastKnownFileType = sourcecode.swift; path = RoomInfomationViewCell.swift; sourceTree = "<group>"; };
		DEFA54DE2C3989FC00CF6BD1 /* Upload.swift */ = {isa = PBXFileReference; lastKnownFileType = sourcecode.swift; path = Upload.swift; sourceTree = "<group>"; };
		DEFA54E02C39955200CF6BD1 /* Download.swift */ = {isa = PBXFileReference; lastKnownFileType = sourcecode.swift; path = Download.swift; sourceTree = "<group>"; };
		DEFA54F12C3D4E6400CF6BD1 /* AuthRepository.swift */ = {isa = PBXFileReference; lastKnownFileType = sourcecode.swift; path = AuthRepository.swift; sourceTree = "<group>"; };
		DEFA54F32C3D5C6700CF6BD1 /* RoomDataStore.swift */ = {isa = PBXFileReference; lastKnownFileType = sourcecode.swift; path = RoomDataStore.swift; sourceTree = "<group>"; };
		DEFA54F62C3E9EB800CF6BD1 /* PathDataStore.swift */ = {isa = PBXFileReference; lastKnownFileType = sourcecode.swift; path = PathDataStore.swift; sourceTree = "<group>"; };
		DEFA54FF2C401D6200CF6BD1 /* FriendShip.swift */ = {isa = PBXFileReference; lastKnownFileType = sourcecode.swift; path = FriendShip.swift; sourceTree = "<group>"; };
		DEFA55022C40204500CF6BD1 /* SelectionView.swift */ = {isa = PBXFileReference; lastKnownFileType = sourcecode.swift; path = SelectionView.swift; sourceTree = "<group>"; };
		DEFA55042C402DB700CF6BD1 /* MovePanelView.swift */ = {isa = PBXFileReference; lastKnownFileType = sourcecode.swift; path = MovePanelView.swift; sourceTree = "<group>"; };
		DEFA55062C4149A100CF6BD1 /* DealClientPanelView.swift */ = {isa = PBXFileReference; lastKnownFileType = sourcecode.swift; path = DealClientPanelView.swift; sourceTree = "<group>"; };
		DEFA55092C414AC500CF6BD1 /* DealClientPanelViewCell.swift */ = {isa = PBXFileReference; lastKnownFileType = sourcecode.swift; path = DealClientPanelViewCell.swift; sourceTree = "<group>"; };
		DEFA550B2C416F8700CF6BD1 /* ControlPanelCoordination.swift */ = {isa = PBXFileReference; lastKnownFileType = sourcecode.swift; path = ControlPanelCoordination.swift; sourceTree = "<group>"; };
		DEFA550E2C4265A500CF6BD1 /* FriendShipView.swift */ = {isa = PBXFileReference; lastKnownFileType = sourcecode.swift; path = FriendShipView.swift; sourceTree = "<group>"; };
		DEFA55102C42669500CF6BD1 /* FriendDataStore.swift */ = {isa = PBXFileReference; lastKnownFileType = sourcecode.swift; path = FriendDataStore.swift; sourceTree = "<group>"; };
		DEFA55122C426CD200CF6BD1 /* FriendViewCell.swift */ = {isa = PBXFileReference; lastKnownFileType = sourcecode.swift; path = FriendViewCell.swift; sourceTree = "<group>"; };
		DEFA55152C42BDF800CF6BD1 /* PendingViewCell.swift */ = {isa = PBXFileReference; lastKnownFileType = sourcecode.swift; path = PendingViewCell.swift; sourceTree = "<group>"; };
		DEFA551A2C43A07D00CF6BD1 /* ArrayExtension.swift */ = {isa = PBXFileReference; lastKnownFileType = sourcecode.swift; path = ArrayExtension.swift; sourceTree = "<group>"; };
		DEFA55212C4C1FB200CF6BD1 /* SignInView.swift */ = {isa = PBXFileReference; lastKnownFileType = sourcecode.swift; path = SignInView.swift; sourceTree = "<group>"; };
		DEFA55252C4EA1B300CF6BD1 /* FieldMapViewCell.swift */ = {isa = PBXFileReference; lastKnownFileType = sourcecode.swift; path = FieldMapViewCell.swift; sourceTree = "<group>"; };
/* End PBXFileReference section */

/* Begin PBXFrameworksBuildPhase section */
		DEDB91352C17343500A8DA37 /* Frameworks */ = {
			isa = PBXFrameworksBuildPhase;
			buildActionMask = 2147483647;
			files = (
				DEDD96C32D072D1D008BAAF7 /* Algorithms in Frameworks */,
				DECFBB3C2C844CAC00093544 /* GoogleSignInSwift in Frameworks */,
				DECFBB332C844CA000093544 /* FirebaseAuth in Frameworks */,
				DECFBB3A2C844CAB00093544 /* GoogleSignIn in Frameworks */,
				DECFBB352C844CA000093544 /* FirebaseFirestore in Frameworks */,
				DECFBB372C844CA000093544 /* FirebaseStorage in Frameworks */,
			);
			runOnlyForDeploymentPostprocessing = 0;
		};
/* End PBXFrameworksBuildPhase section */

/* Begin PBXGroup section */
		DE12A7482C553F3800F7B0DF /* MovePanel */ = {
			isa = PBXGroup;
			children = (
				DEFA55042C402DB700CF6BD1 /* MovePanelView.swift */,
				DE12A7492C553F6D00F7B0DF /* MovePanelViewButton.swift */,
			);
			path = MovePanel;
			sourceTree = "<group>";
		};
		DE12A74D2C66721900F7B0DF /* Result */ = {
			isa = PBXGroup;
			children = (
				DE12A74E2C66722C00F7B0DF /* ResultView.swift */,
				DE12A7522C6672CD00F7B0DF /* RankResultViewCell.swift */,
				DEE9FA7E2D93DDC1005D8276 /* NotRankResultViewCell.swift */,
			);
			path = Result;
			sourceTree = "<group>";
		};
		DE12A75F2C758E7900F7B0DF /* NoticeView */ = {
			isa = PBXGroup;
			children = (
				DE12A7602C758E8900F7B0DF /* NoticeView.swift */,
				DE12A7622C75999700F7B0DF /* NoticeViewCell.swift */,
			);
			path = NoticeView;
			sourceTree = "<group>";
		};
		DE12A7642C7A240A00F7B0DF /* Invite */ = {
			isa = PBXGroup;
			children = (
				DE12A7652C7A242900F7B0DF /* InviteView.swift */,
				DE12A7672C7A243300F7B0DF /* InviteViewCell.swift */,
			);
			path = Invite;
			sourceTree = "<group>";
		};
		DE2052FF2D51BA5500D2A82E /* PlayerInfo */ = {
			isa = PBXGroup;
			children = (
				DE2053042D51BA9000D2A82E /* PlayerInfoListView.swift */,
				DEB2B1EB2D617835007E01C9 /* PlayerInfoListViewCell.swift */,
				DEB2B1E92D5C7AAA007E01C9 /* PlayerInfoView.swift */,
			);
			path = PlayerInfo;
			sourceTree = "<group>";
		};
		DE5748772D890AF30054CD52 /* Tutorial */ = {
			isa = PBXGroup;
			children = (
				DE5748832D890C260054CD52 /* TutorialView.swift */,
				DE5748782D890B650054CD52 /* TutorialPublicRoomsView.swift */,
				DE57488F2D8965120054CD52 /* TutorialRoomSetting */,
				DE5748902D89653F0054CD52 /* TutorialWaitingRoom */,
				DE5748912D8965550054CD52 /* TutorialGame */,
				DE5748AB2D897CBF0054CD52 /* TutorialResult */,
			);
			path = Tutorial;
			sourceTree = "<group>";
		};
		DE5748802D890C030054CD52 /* TutorialControlPanel */ = {
			isa = PBXGroup;
			children = (
				DE5748932D89659E0054CD52 /* TutorialSelectionView.swift */,
				DE5748952D8965B10054CD52 /* TutorialControlPanelCoordination.swift */,
				DE5748972D8965B90054CD52 /* TutorialElements */,
			);
			path = TutorialControlPanel;
			sourceTree = "<group>";
		};
		DE57488F2D8965120054CD52 /* TutorialRoomSetting */ = {
			isa = PBXGroup;
			children = (
				DE57487A2D890B8D0054CD52 /* TutorialRoomSettingView.swift */,
				DE5748872D893F000054CD52 /* TutorialRoomSettingViewCell.swift */,
			);
			path = TutorialRoomSetting;
			sourceTree = "<group>";
		};
		DE5748902D89653F0054CD52 /* TutorialWaitingRoom */ = {
			isa = PBXGroup;
			children = (
				DE57487C2D890BDA0054CD52 /* TutorialWaitingRoomView.swift */,
				DE5748892D89457E0054CD52 /* TutorialWaitingRoomViewCell.swift */,
			);
			path = TutorialWaitingRoom;
			sourceTree = "<group>";
		};
		DE5748912D8965550054CD52 /* TutorialGame */ = {
			isa = PBXGroup;
			children = (
				DE57487E2D890BE90054CD52 /* TutorialGameVIew.swift */,
				DE5748922D8965640054CD52 /* TutorialFieldMap */,
				DE5748802D890C030054CD52 /* TutorialControlPanel */,
			);
			path = TutorialGame;
			sourceTree = "<group>";
		};
		DE5748922D8965640054CD52 /* TutorialFieldMap */ = {
			isa = PBXGroup;
			children = (
				DE57488B2D8963100054CD52 /* TutorialFieldMapView.swift */,
				DE57488D2D89631D0054CD52 /* TutorialFieldMapViewCell.swift */,
			);
			path = TutorialFieldMap;
			sourceTree = "<group>";
		};
		DE5748972D8965B90054CD52 /* TutorialElements */ = {
			isa = PBXGroup;
			children = (
				DE57489A2D8965D20054CD52 /* TutorialMovePanel */,
				DE57489D2D8966EF0054CD52 /* TutorialDeal */,
				DE5748A22D89678D0054CD52 /* TutorialPlayerInfo */,
			);
			path = TutorialElements;
			sourceTree = "<group>";
		};
		DE57489A2D8965D20054CD52 /* TutorialMovePanel */ = {
			isa = PBXGroup;
			children = (
				DE5748982D8965CF0054CD52 /* TutorialMovePanelView.swift */,
				DE57489B2D8965EE0054CD52 /* TutorialMovePanelViewButton.swift */,
			);
			path = TutorialMovePanel;
			sourceTree = "<group>";
		};
		DE57489D2D8966EF0054CD52 /* TutorialDeal */ = {
			isa = PBXGroup;
			children = (
				DE57489E2D89671E0054CD52 /* TutorialDealPanelView.swift */,
				DE5748A92D896CCC0054CD52 /* TutorialDealPanelViewCell.swift */,
				DE5748A02D8967790054CD52 /* TutorialDealPanelViewProposedCell.swift */,
				DE5748A72D896A2F0054CD52 /* TutorialDealPanelViewNegotiationCell.swift */,
			);
			path = TutorialDeal;
			sourceTree = "<group>";
		};
		DE5748A22D89678D0054CD52 /* TutorialPlayerInfo */ = {
			isa = PBXGroup;
			children = (
				DE5748A32D8967A90054CD52 /* TutorialPlayerInfoView.swift */,
			);
			path = TutorialPlayerInfo;
			sourceTree = "<group>";
		};
		DE5748AB2D897CBF0054CD52 /* TutorialResult */ = {
			isa = PBXGroup;
			children = (
				DE5748812D890C150054CD52 /* TutorialResultView.swift */,
				DE5748AC2D897CEB0054CD52 /* TutorialResultViewCell.swift */,
			);
			path = TutorialResult;
			sourceTree = "<group>";
		};
		DEAB38632C1EA17C007639F6 /* Model */ = {
			isa = PBXGroup;
			children = (
				DEAB38712C1EBC45007639F6 /* DataStore */,
				DEDB914C2C17393300A8DA37 /* Entity */,
				DEAB38722C1F0D9A007639F6 /* Repository */,
			);
			path = Model;
			sourceTree = "<group>";
		};
		DEAB38642C1EA183007639F6 /* View */ = {
			isa = PBXGroup;
			children = (
				DEDB913D2C17343500A8DA37 /* ContentView.swift */,
				DEFA55212C4C1FB200CF6BD1 /* SignInView.swift */,
				DE5748AE2D92F07F0054CD52 /* DeleteUserView.swift */,
				DE5748772D890AF30054CD52 /* Tutorial */,
				DEAB38732C205F2B007639F6 /* PublicRooms */,
				DE12A75F2C758E7900F7B0DF /* NoticeView */,
				DEDB91562C189BAF00A8DA37 /* RoomSetting */,
				DEAB38762C206083007639F6 /* MyPage */,
				DEAB38792C206170007639F6 /* WaitingRoom */,
				DEDEF6F02C23C92E00A01FFF /* Game */,
				DE12A74D2C66721900F7B0DF /* Result */,
			);
			path = View;
			sourceTree = "<group>";
		};
		DEAB38692C1EAA7F007639F6 /* Auth */ = {
			isa = PBXGroup;
			children = (
				DEAB38612C1EA178007639F6 /* Google.swift */,
				DEDEF6EE2C2341D600A01FFF /* Apple.swift */,
				DEFA54F12C3D4E6400CF6BD1 /* AuthRepository.swift */,
			);
			path = Auth;
			sourceTree = "<group>";
		};
		DEAB38712C1EBC45007639F6 /* DataStore */ = {
			isa = PBXGroup;
			children = (
				DEAB386B2C1EAAA6007639F6 /* UserDataStore.swift */,
				DEFA54D12C3103D100CF6BD1 /* PlayerDataStore.swift */,
				DEFA55102C42669500CF6BD1 /* FriendDataStore.swift */,
				DEFA54F32C3D5C6700CF6BD1 /* RoomDataStore.swift */,
				DEFA54F62C3E9EB800CF6BD1 /* PathDataStore.swift */,
				DEB2B1ED2D7402C7007E01C9 /* TimerDataStore.swift */,
				DE5748852D890CC60054CD52 /* TutorialDataStore.swift */,
			);
			path = DataStore;
			sourceTree = "<group>";
		};
		DEAB38722C1F0D9A007639F6 /* Repository */ = {
			isa = PBXGroup;
			children = (
				DE06B9752CFC38B900CB4AEA /* UserRepository.swift */,
				DEDD96B52D06E49A008BAAF7 /* NoticeRepository.swift */,
				DEDD96B72D06EAC0008BAAF7 /* FriendShipRepository.swift */,
				DEDD96B92D06F922008BAAF7 /* PlayTagRoomRepository.swift */,
				DE06B9792CFC431400CB4AEA /* PlayerRepository.swift */,
				DEDD96BB2D070D15008BAAF7 /* PlayerPositionRepository.swift */,
				DEDD96BD2D0711E5008BAAF7 /* NegotiationRepository.swift */,
				DEB2B1EF2D741B7A007E01C9 /* AppVersionRepository.swift */,
				DEFA1C1D2C8C971C00CB4458 /* Deal */,
				DEAB38692C1EAA7F007639F6 /* Auth */,
				DEFA54DD2C3989D500CF6BD1 /* Storage */,
			);
			path = Repository;
			sourceTree = "<group>";
		};
		DEAB38732C205F2B007639F6 /* PublicRooms */ = {
			isa = PBXGroup;
			children = (
				DEDB91522C17417700A8DA37 /* PublicRoomsView.swift */,
				DEAB38742C205FA8007639F6 /* PublicRoomsViewCell.swift */,
			);
			path = PublicRooms;
			sourceTree = "<group>";
		};
		DEAB38762C206083007639F6 /* MyPage */ = {
			isa = PBXGroup;
			children = (
				DEDB91592C1B378900A8DA37 /* MyPageView.swift */,
				DEAB38772C2060D3007639F6 /* MyPageListView.swift */,
				DEFA550D2C42659700CF6BD1 /* Friend */,
			);
			path = MyPage;
			sourceTree = "<group>";
		};
		DEAB38792C206170007639F6 /* WaitingRoom */ = {
			isa = PBXGroup;
			children = (
				DEAB384D2C1DC27D007639F6 /* WaitingRoomView.swift */,
				DEAB387A2C2061C2007639F6 /* WaitingRoomViewCell.swift */,
				DEFA54F02C3AFF7F00CF6BD1 /* RoomInfomation */,
				DE12A7642C7A240A00F7B0DF /* Invite */,
			);
			path = WaitingRoom;
			sourceTree = "<group>";
		};
		DECFBB212C7ACA0600093544 /* DealClientPanel */ = {
			isa = PBXGroup;
			children = (
				DEFA55062C4149A100CF6BD1 /* DealClientPanelView.swift */,
				DEFA55092C414AC500CF6BD1 /* DealClientPanelViewCell.swift */,
				DEFA55082C414A9F00CF6BD1 /* DealPanel */,
			);
			path = DealClientPanel;
			sourceTree = "<group>";
		};
		DEDB912F2C17343500A8DA37 = {
			isa = PBXGroup;
			children = (
				DEDB913A2C17343500A8DA37 /* play-tag-with-negotiations */,
				DEDB91392C17343500A8DA37 /* Products */,
			);
			sourceTree = "<group>";
		};
		DEDB91392C17343500A8DA37 /* Products */ = {
			isa = PBXGroup;
			children = (
				DEDB91382C17343500A8DA37 /* play-tag-with-negotiations.app */,
			);
			name = Products;
			sourceTree = "<group>";
		};
		DEDB913A2C17343500A8DA37 /* play-tag-with-negotiations */ = {
			isa = PBXGroup;
			children = (
				DEDEF6ED2C233C5B00A01FFF /* play-tag-with-negotiations.entitlements */,
				DEAB386D2C1EABED007639F6 /* Info.plist */,
				DEDB913B2C17343500A8DA37 /* play_tag_with_negotiationsApp.swift */,
				DEAB38632C1EA17C007639F6 /* Model */,
				DEAB38642C1EA183007639F6 /* View */,
				DEDB913F2C17343600A8DA37 /* Assets.xcassets */,
				DEAB385A2C1E9165007639F6 /* GoogleService-Info.plist */,
				DEDB91412C17343600A8DA37 /* Preview Content */,
			);
			path = "play-tag-with-negotiations";
			sourceTree = "<group>";
		};
		DEDB91412C17343600A8DA37 /* Preview Content */ = {
			isa = PBXGroup;
			children = (
				DEDB91422C17343600A8DA37 /* Preview Assets.xcassets */,
			);
			path = "Preview Content";
			sourceTree = "<group>";
		};
		DEDB914C2C17393300A8DA37 /* Entity */ = {
			isa = PBXGroup;
			children = (
				DEAB386E2C1EB32E007639F6 /* User.swift */,
				DEE9FA7C2D939CB4005D8276 /* PlayedRoomId.swift */,
				DE12A75D2C75883B00F7B0DF /* Notice.swift */,
				DEFA54FF2C401D6200CF6BD1 /* FriendShip.swift */,
				DEDB914D2C173A2400A8DA37 /* PlayTagRoom.swift */,
				DEDB914F2C173F7C00A8DA37 /* Player.swift */,
				DEFA54CF2C246E2300CF6BD1 /* PlayerPosition.swift */,
				DECFBB262C7ADF7000093544 /* Negotiation.swift */,
				DECFBB282C81F17900093544 /* Deal.swift */,
				DEFA551A2C43A07D00CF6BD1 /* ArrayExtension.swift */,
				DE5747E92D7DE7480054CD52 /* PlayerExtension.swift */,
				DE5748752D8324ED0054CD52 /* Tips.swift */,
			);
			path = Entity;
			sourceTree = "<group>";
		};
		DEDB91562C189BAF00A8DA37 /* RoomSetting */ = {
			isa = PBXGroup;
			children = (
				DEDB91542C18890400A8DA37 /* RoomSettingView.swift */,
				DEDB91572C189BCB00A8DA37 /* RoomSettingViewCell.swift */,
			);
			path = RoomSetting;
			sourceTree = "<group>";
		};
		DEDEF6F02C23C92E00A01FFF /* Game */ = {
			isa = PBXGroup;
			children = (
				DEDEF6F22C23C9AF00A01FFF /* GameView.swift */,
				DEDEF6F12C23C9A000A01FFF /* Element */,
			);
			path = Game;
			sourceTree = "<group>";
		};
		DEDEF6F12C23C9A000A01FFF /* Element */ = {
			isa = PBXGroup;
			children = (
				DEFA55272C4EA98A00CF6BD1 /* FieldMap */,
				DEFA54F52C3D71B300CF6BD1 /* ControlPanel */,
			);
			path = Element;
			sourceTree = "<group>";
		};
		DEFA1C1D2C8C971C00CB4458 /* Deal */ = {
			isa = PBXGroup;
			children = (
				DEDD96BF2D071381008BAAF7 /* DealRepository.swift */,
				DE5747E72D780BB70054CD52 /* DealCreate.swift */,
				DEFA1C1E2C8C976400CB4458 /* DealSuccess.swift */,
				DEFA1C242C8DB0FF00CB4458 /* DealFulfill.swift */,
			);
			path = Deal;
			sourceTree = "<group>";
		};
		DEFA54DD2C3989D500CF6BD1 /* Storage */ = {
			isa = PBXGroup;
			children = (
				DEFA54DE2C3989FC00CF6BD1 /* Upload.swift */,
				DEFA54E02C39955200CF6BD1 /* Download.swift */,
			);
			path = Storage;
			sourceTree = "<group>";
		};
		DEFA54F02C3AFF7F00CF6BD1 /* RoomInfomation */ = {
			isa = PBXGroup;
			children = (
				DEFA54D92C39076C00CF6BD1 /* RoomInfomationView.swift */,
				DEFA54DB2C3907D800CF6BD1 /* RoomInfomationViewCell.swift */,
			);
			path = RoomInfomation;
			sourceTree = "<group>";
		};
		DEFA54F52C3D71B300CF6BD1 /* ControlPanel */ = {
			isa = PBXGroup;
			children = (
				DEFA55022C40204500CF6BD1 /* SelectionView.swift */,
				DEFA550B2C416F8700CF6BD1 /* ControlPanelCoordination.swift */,
				DEFA55012C40203600CF6BD1 /* Elements */,
			);
			path = ControlPanel;
			sourceTree = "<group>";
		};
		DEFA55012C40203600CF6BD1 /* Elements */ = {
			isa = PBXGroup;
			children = (
				DE12A7482C553F3800F7B0DF /* MovePanel */,
				DECFBB212C7ACA0600093544 /* DealClientPanel */,
				DE2052FF2D51BA5500D2A82E /* PlayerInfo */,
			);
			path = Elements;
			sourceTree = "<group>";
		};
		DEFA55082C414A9F00CF6BD1 /* DealPanel */ = {
			isa = PBXGroup;
			children = (
				DECFBB222C7ACA1700093544 /* DealPanelView.swift */,
				DECFBB242C7ACA2300093544 /* DealPanelViewCell.swift */,
				DE5747ED2D7DED7E0054CD52 /* DealPanelViewProposedCell.swift */,
				DEFA1C202C8CB17700CB4458 /* DealPanelViewNegotiationCell.swift */,
			);
			path = DealPanel;
			sourceTree = "<group>";
		};
		DEFA550D2C42659700CF6BD1 /* Friend */ = {
			isa = PBXGroup;
			children = (
				DEFA550E2C4265A500CF6BD1 /* FriendShipView.swift */,
				DEFA55142C42BDD600CF6BD1 /* FriendViewCell */,
			);
			path = Friend;
			sourceTree = "<group>";
		};
		DEFA55142C42BDD600CF6BD1 /* FriendViewCell */ = {
			isa = PBXGroup;
			children = (
				DEFA55122C426CD200CF6BD1 /* FriendViewCell.swift */,
				DEFA55152C42BDF800CF6BD1 /* PendingViewCell.swift */,
				DE2052FB2D43923C00D2A82E /* ApplyingViewCell.swift */,
			);
			path = FriendViewCell;
			sourceTree = "<group>";
		};
		DEFA55272C4EA98A00CF6BD1 /* FieldMap */ = {
			isa = PBXGroup;
			children = (
				DEDEF6F42C23C9BB00A01FFF /* FieldMapView.swift */,
				DEFA55252C4EA1B300CF6BD1 /* FieldMapViewCell.swift */,
			);
			path = FieldMap;
			sourceTree = "<group>";
		};
/* End PBXGroup section */

/* Begin PBXNativeTarget section */
		DEDB91372C17343500A8DA37 /* play-tag-with-negotiations */ = {
			isa = PBXNativeTarget;
			buildConfigurationList = DEDB91462C17343600A8DA37 /* Build configuration list for PBXNativeTarget "play-tag-with-negotiations" */;
			buildPhases = (
				DEDB91342C17343500A8DA37 /* Sources */,
				DEDB91352C17343500A8DA37 /* Frameworks */,
				DEDB91362C17343500A8DA37 /* Resources */,
			);
			buildRules = (
			);
			dependencies = (
			);
			name = "play-tag-with-negotiations";
			packageProductDependencies = (
				DECFBB322C844CA000093544 /* FirebaseAuth */,
				DECFBB342C844CA000093544 /* FirebaseFirestore */,
				DECFBB362C844CA000093544 /* FirebaseStorage */,
				DECFBB392C844CAB00093544 /* GoogleSignIn */,
				DECFBB3B2C844CAC00093544 /* GoogleSignInSwift */,
				DEDD96C22D072D1D008BAAF7 /* Algorithms */,
			);
			productName = "play-tag-with-negotiations";
			productReference = DEDB91382C17343500A8DA37 /* play-tag-with-negotiations.app */;
			productType = "com.apple.product-type.application";
		};
/* End PBXNativeTarget section */

/* Begin PBXProject section */
		DEDB91302C17343500A8DA37 /* Project object */ = {
			isa = PBXProject;
			attributes = {
				BuildIndependentTargetsInParallel = 1;
				LastSwiftUpdateCheck = 1540;
				LastUpgradeCheck = 1540;
				TargetAttributes = {
					DEDB91372C17343500A8DA37 = {
						CreatedOnToolsVersion = 15.4;
					};
				};
			};
			buildConfigurationList = DEDB91332C17343500A8DA37 /* Build configuration list for PBXProject "play-tag-with-negotiations" */;
			compatibilityVersion = "Xcode 14.0";
			developmentRegion = ja;
			hasScannedForEncodings = 0;
			knownRegions = (
				en,
				Base,
				ja,
			);
			mainGroup = DEDB912F2C17343500A8DA37;
			packageReferences = (
				DECFBB312C844CA000093544 /* XCRemoteSwiftPackageReference "firebase-ios-sdk" */,
				DECFBB382C844CAB00093544 /* XCRemoteSwiftPackageReference "GoogleSignIn-iOS" */,
				DEDD96C12D072D1D008BAAF7 /* XCRemoteSwiftPackageReference "swift-algorithms" */,
			);
			productRefGroup = DEDB91392C17343500A8DA37 /* Products */;
			projectDirPath = "";
			projectRoot = "";
			targets = (
				DEDB91372C17343500A8DA37 /* play-tag-with-negotiations */,
			);
		};
/* End PBXProject section */

/* Begin PBXResourcesBuildPhase section */
		DEDB91362C17343500A8DA37 /* Resources */ = {
			isa = PBXResourcesBuildPhase;
			buildActionMask = 2147483647;
			files = (
				DEDB91432C17343600A8DA37 /* Preview Assets.xcassets in Resources */,
				DEDB91402C17343600A8DA37 /* Assets.xcassets in Resources */,
				DEAB385B2C1E9165007639F6 /* GoogleService-Info.plist in Resources */,
			);
			runOnlyForDeploymentPostprocessing = 0;
		};
/* End PBXResourcesBuildPhase section */

/* Begin PBXSourcesBuildPhase section */
		DEDB91342C17343500A8DA37 /* Sources */ = {
			isa = PBXSourcesBuildPhase;
			buildActionMask = 2147483647;
			files = (
				DECFBB252C7ACA2300093544 /* DealPanelViewCell.swift in Sources */,
				DEDD96B82D06EAC0008BAAF7 /* FriendShipRepository.swift in Sources */,
				DEAB38752C205FA8007639F6 /* PublicRoomsViewCell.swift in Sources */,
				DECFBB232C7ACA1700093544 /* DealPanelView.swift in Sources */,
				DE57489F2D89671E0054CD52 /* TutorialDealPanelView.swift in Sources */,
				DE12A7612C758E8900F7B0DF /* NoticeView.swift in Sources */,
				DE57487B2D890B8D0054CD52 /* TutorialRoomSettingView.swift in Sources */,
				DE2052FC2D43923C00D2A82E /* ApplyingViewCell.swift in Sources */,
				DE12A7532C6672CD00F7B0DF /* RankResultViewCell.swift in Sources */,
				DE12A74A2C553F6D00F7B0DF /* MovePanelViewButton.swift in Sources */,
				DE5748822D890C150054CD52 /* TutorialResultView.swift in Sources */,
				DE5748AD2D897CEB0054CD52 /* TutorialResultViewCell.swift in Sources */,
				DEDD96BA2D06F922008BAAF7 /* PlayTagRoomRepository.swift in Sources */,
				DE12A74F2C66722C00F7B0DF /* ResultView.swift in Sources */,
				DEFA54DC2C3907D800CF6BD1 /* RoomInfomationViewCell.swift in Sources */,
				DEAB38622C1EA178007639F6 /* Google.swift in Sources */,
				DEDD96BC2D070D15008BAAF7 /* PlayerPositionRepository.swift in Sources */,
				DEDB91582C189BCB00A8DA37 /* RoomSettingViewCell.swift in Sources */,
				DE2053052D51BA9000D2A82E /* PlayerInfoListView.swift in Sources */,
				DE5748862D890CC60054CD52 /* TutorialDataStore.swift in Sources */,
				DEFA55072C4149A100CF6BD1 /* DealClientPanelView.swift in Sources */,
				DE5748A82D896A2F0054CD52 /* TutorialDealPanelViewNegotiationCell.swift in Sources */,
				DEFA55222C4C1FB200CF6BD1 /* SignInView.swift in Sources */,
				DEFA54DF2C3989FC00CF6BD1 /* Upload.swift in Sources */,
				DEFA1C212C8CB17700CB4458 /* DealPanelViewNegotiationCell.swift in Sources */,
				DEB2B1F02D741B7A007E01C9 /* AppVersionRepository.swift in Sources */,
				DEDEF6EF2C2341D600A01FFF /* Apple.swift in Sources */,
				DE5748792D890B650054CD52 /* TutorialPublicRoomsView.swift in Sources */,
				DE12A7632C75999700F7B0DF /* NoticeViewCell.swift in Sources */,
				DE5748A12D8967790054CD52 /* TutorialDealPanelViewProposedCell.swift in Sources */,
				DEDB915A2C1B378900A8DA37 /* MyPageView.swift in Sources */,
				DEFA54F72C3E9EB800CF6BD1 /* PathDataStore.swift in Sources */,
				DE5748842D890C260054CD52 /* TutorialView.swift in Sources */,
				DEFA550C2C416F8700CF6BD1 /* ControlPanelCoordination.swift in Sources */,
				DEDB91502C173F7C00A8DA37 /* Player.swift in Sources */,
				DEFA54DA2C39076C00CF6BD1 /* RoomInfomationView.swift in Sources */,
				DEB2B1EC2D617835007E01C9 /* PlayerInfoListViewCell.swift in Sources */,
				DEDD96B62D06E49A008BAAF7 /* NoticeRepository.swift in Sources */,
				DE57488E2D89631D0054CD52 /* TutorialFieldMapViewCell.swift in Sources */,
				DEDEF6F52C23C9BB00A01FFF /* FieldMapView.swift in Sources */,
				DE57489C2D8965EE0054CD52 /* TutorialMovePanelViewButton.swift in Sources */,
				DEFA551B2C43A07D00CF6BD1 /* ArrayExtension.swift in Sources */,
				DE12A7682C7A243300F7B0DF /* InviteViewCell.swift in Sources */,
				DECFBB272C7ADF7000093544 /* Negotiation.swift in Sources */,
				DE06B9762CFC38B900CB4AEA /* UserRepository.swift in Sources */,
				DEDB914E2C173A2400A8DA37 /* PlayTagRoom.swift in Sources */,
				DE57488A2D89457E0054CD52 /* TutorialWaitingRoomViewCell.swift in Sources */,
				DEAB386C2C1EAAA6007639F6 /* UserDataStore.swift in Sources */,
				DEAB38782C2060D3007639F6 /* MyPageListView.swift in Sources */,
				DEFA55032C40204500CF6BD1 /* SelectionView.swift in Sources */,
				DEFA54F42C3D5C6700CF6BD1 /* RoomDataStore.swift in Sources */,
				DEDB913E2C17343500A8DA37 /* ContentView.swift in Sources */,
				DEB2B1EE2D7402C7007E01C9 /* TimerDataStore.swift in Sources */,
				DE57487D2D890BDA0054CD52 /* TutorialWaitingRoomView.swift in Sources */,
				DEE9FA7D2D939CB4005D8276 /* PlayedRoomId.swift in Sources */,
				DEFA54E12C39955200CF6BD1 /* Download.swift in Sources */,
				DE5747E82D780BB70054CD52 /* DealCreate.swift in Sources */,
				DEFA55112C42669500CF6BD1 /* FriendDataStore.swift in Sources */,
				DEDD96C02D071381008BAAF7 /* DealRepository.swift in Sources */,
				DEFA54F22C3D4E6400CF6BD1 /* AuthRepository.swift in Sources */,
				DEAB387B2C2061C2007639F6 /* WaitingRoomViewCell.swift in Sources */,
				DEFA55052C402DB700CF6BD1 /* MovePanelView.swift in Sources */,
				DEDD96BE2D0711E5008BAAF7 /* NegotiationRepository.swift in Sources */,
				DEFA55162C42BDF800CF6BD1 /* PendingViewCell.swift in Sources */,
				DE5748AA2D896CCC0054CD52 /* TutorialDealPanelViewCell.swift in Sources */,
				DEB2B1EA2D5C7AAA007E01C9 /* PlayerInfoView.swift in Sources */,
				DE5748992D8965CF0054CD52 /* TutorialMovePanelView.swift in Sources */,
				DE5747EE2D7DED7E0054CD52 /* DealPanelViewProposedCell.swift in Sources */,
				DEFA1C1F2C8C976400CB4458 /* DealSuccess.swift in Sources */,
				DE5748882D893F000054CD52 /* TutorialRoomSettingViewCell.swift in Sources */,
				DEDB913C2C17343500A8DA37 /* play_tag_with_negotiationsApp.swift in Sources */,
				DE06B97A2CFC431400CB4AEA /* PlayerRepository.swift in Sources */,
				DEAB386F2C1EB32E007639F6 /* User.swift in Sources */,
				DEFA54D22C3103D100CF6BD1 /* PlayerDataStore.swift in Sources */,
				DEE9FA7F2D93DDC1005D8276 /* NotRankResultViewCell.swift in Sources */,
				DE5748942D89659E0054CD52 /* TutorialSelectionView.swift in Sources */,
				DEAB384E2C1DC27D007639F6 /* WaitingRoomView.swift in Sources */,
				DEDB91552C18890400A8DA37 /* RoomSettingView.swift in Sources */,
				DE5748962D8965B10054CD52 /* TutorialControlPanelCoordination.swift in Sources */,
				DE5748A42D8967A90054CD52 /* TutorialPlayerInfoView.swift in Sources */,
				DEFA550A2C414AC500CF6BD1 /* DealClientPanelViewCell.swift in Sources */,
				DEFA55132C426CD200CF6BD1 /* FriendViewCell.swift in Sources */,
				DE5748AF2D92F07F0054CD52 /* DeleteUserView.swift in Sources */,
				DEFA1C252C8DB0FF00CB4458 /* DealFulfill.swift in Sources */,
				DECFBB292C81F17900093544 /* Deal.swift in Sources */,
				DEDB91532C17417700A8DA37 /* PublicRoomsView.swift in Sources */,
				DEFA55002C401D6200CF6BD1 /* FriendShip.swift in Sources */,
				DE5748762D8324ED0054CD52 /* Tips.swift in Sources */,
				DEFA54D02C246E2300CF6BD1 /* PlayerPosition.swift in Sources */,
				DE5747EA2D7DE7480054CD52 /* PlayerExtension.swift in Sources */,
				DE12A7662C7A242900F7B0DF /* InviteView.swift in Sources */,
				DEFA550F2C4265A500CF6BD1 /* FriendShipView.swift in Sources */,
				DE57487F2D890BE90054CD52 /* TutorialGameVIew.swift in Sources */,
				DE57488C2D8963100054CD52 /* TutorialFieldMapView.swift in Sources */,
				DEFA55262C4EA1B300CF6BD1 /* FieldMapViewCell.swift in Sources */,
				DEDEF6F32C23C9AF00A01FFF /* GameView.swift in Sources */,
				DE12A75E2C75883B00F7B0DF /* Notice.swift in Sources */,
			);
			runOnlyForDeploymentPostprocessing = 0;
		};
/* End PBXSourcesBuildPhase section */

/* Begin XCBuildConfiguration section */
		DEDB91442C17343600A8DA37 /* Debug */ = {
			isa = XCBuildConfiguration;
			buildSettings = {
				ALWAYS_SEARCH_USER_PATHS = NO;
				ASSETCATALOG_COMPILER_GENERATE_SWIFT_ASSET_SYMBOL_EXTENSIONS = YES;
				CLANG_ANALYZER_NONNULL = YES;
				CLANG_ANALYZER_NUMBER_OBJECT_CONVERSION = YES_AGGRESSIVE;
				CLANG_CXX_LANGUAGE_STANDARD = "gnu++20";
				CLANG_ENABLE_MODULES = YES;
				CLANG_ENABLE_OBJC_ARC = YES;
				CLANG_ENABLE_OBJC_WEAK = YES;
				CLANG_WARN_BLOCK_CAPTURE_AUTORELEASING = YES;
				CLANG_WARN_BOOL_CONVERSION = YES;
				CLANG_WARN_COMMA = YES;
				CLANG_WARN_CONSTANT_CONVERSION = YES;
				CLANG_WARN_DEPRECATED_OBJC_IMPLEMENTATIONS = YES;
				CLANG_WARN_DIRECT_OBJC_ISA_USAGE = YES_ERROR;
				CLANG_WARN_DOCUMENTATION_COMMENTS = YES;
				CLANG_WARN_EMPTY_BODY = YES;
				CLANG_WARN_ENUM_CONVERSION = YES;
				CLANG_WARN_INFINITE_RECURSION = YES;
				CLANG_WARN_INT_CONVERSION = YES;
				CLANG_WARN_NON_LITERAL_NULL_CONVERSION = YES;
				CLANG_WARN_OBJC_IMPLICIT_RETAIN_SELF = YES;
				CLANG_WARN_OBJC_LITERAL_CONVERSION = YES;
				CLANG_WARN_OBJC_ROOT_CLASS = YES_ERROR;
				CLANG_WARN_QUOTED_INCLUDE_IN_FRAMEWORK_HEADER = YES;
				CLANG_WARN_RANGE_LOOP_ANALYSIS = YES;
				CLANG_WARN_STRICT_PROTOTYPES = YES;
				CLANG_WARN_SUSPICIOUS_MOVE = YES;
				CLANG_WARN_UNGUARDED_AVAILABILITY = YES_AGGRESSIVE;
				CLANG_WARN_UNREACHABLE_CODE = YES;
				CLANG_WARN__DUPLICATE_METHOD_MATCH = YES;
				COPY_PHASE_STRIP = NO;
				DEBUG_INFORMATION_FORMAT = dwarf;
				ENABLE_STRICT_OBJC_MSGSEND = YES;
				ENABLE_TESTABILITY = YES;
				ENABLE_USER_SCRIPT_SANDBOXING = YES;
				GCC_C_LANGUAGE_STANDARD = gnu17;
				GCC_DYNAMIC_NO_PIC = NO;
				GCC_NO_COMMON_BLOCKS = YES;
				GCC_OPTIMIZATION_LEVEL = 0;
				GCC_PREPROCESSOR_DEFINITIONS = (
					"DEBUG=1",
					"$(inherited)",
				);
				GCC_WARN_64_TO_32_BIT_CONVERSION = YES;
				GCC_WARN_ABOUT_RETURN_TYPE = YES_ERROR;
				GCC_WARN_UNDECLARED_SELECTOR = YES;
				GCC_WARN_UNINITIALIZED_AUTOS = YES_AGGRESSIVE;
				GCC_WARN_UNUSED_FUNCTION = YES;
				GCC_WARN_UNUSED_VARIABLE = YES;
				IPHONEOS_DEPLOYMENT_TARGET = 17.5;
				LOCALIZATION_PREFERS_STRING_CATALOGS = YES;
				MTL_ENABLE_DEBUG_INFO = INCLUDE_SOURCE;
				MTL_FAST_MATH = YES;
				ONLY_ACTIVE_ARCH = YES;
				SDKROOT = iphoneos;
				SWIFT_ACTIVE_COMPILATION_CONDITIONS = "DEBUG $(inherited)";
				SWIFT_OPTIMIZATION_LEVEL = "-Onone";
			};
			name = Debug;
		};
		DEDB91452C17343600A8DA37 /* Release */ = {
			isa = XCBuildConfiguration;
			buildSettings = {
				ALWAYS_SEARCH_USER_PATHS = NO;
				ASSETCATALOG_COMPILER_GENERATE_SWIFT_ASSET_SYMBOL_EXTENSIONS = YES;
				CLANG_ANALYZER_NONNULL = YES;
				CLANG_ANALYZER_NUMBER_OBJECT_CONVERSION = YES_AGGRESSIVE;
				CLANG_CXX_LANGUAGE_STANDARD = "gnu++20";
				CLANG_ENABLE_MODULES = YES;
				CLANG_ENABLE_OBJC_ARC = YES;
				CLANG_ENABLE_OBJC_WEAK = YES;
				CLANG_WARN_BLOCK_CAPTURE_AUTORELEASING = YES;
				CLANG_WARN_BOOL_CONVERSION = YES;
				CLANG_WARN_COMMA = YES;
				CLANG_WARN_CONSTANT_CONVERSION = YES;
				CLANG_WARN_DEPRECATED_OBJC_IMPLEMENTATIONS = YES;
				CLANG_WARN_DIRECT_OBJC_ISA_USAGE = YES_ERROR;
				CLANG_WARN_DOCUMENTATION_COMMENTS = YES;
				CLANG_WARN_EMPTY_BODY = YES;
				CLANG_WARN_ENUM_CONVERSION = YES;
				CLANG_WARN_INFINITE_RECURSION = YES;
				CLANG_WARN_INT_CONVERSION = YES;
				CLANG_WARN_NON_LITERAL_NULL_CONVERSION = YES;
				CLANG_WARN_OBJC_IMPLICIT_RETAIN_SELF = YES;
				CLANG_WARN_OBJC_LITERAL_CONVERSION = YES;
				CLANG_WARN_OBJC_ROOT_CLASS = YES_ERROR;
				CLANG_WARN_QUOTED_INCLUDE_IN_FRAMEWORK_HEADER = YES;
				CLANG_WARN_RANGE_LOOP_ANALYSIS = YES;
				CLANG_WARN_STRICT_PROTOTYPES = YES;
				CLANG_WARN_SUSPICIOUS_MOVE = YES;
				CLANG_WARN_UNGUARDED_AVAILABILITY = YES_AGGRESSIVE;
				CLANG_WARN_UNREACHABLE_CODE = YES;
				CLANG_WARN__DUPLICATE_METHOD_MATCH = YES;
				COPY_PHASE_STRIP = NO;
				DEBUG_INFORMATION_FORMAT = "dwarf-with-dsym";
				ENABLE_NS_ASSERTIONS = NO;
				ENABLE_STRICT_OBJC_MSGSEND = YES;
				ENABLE_USER_SCRIPT_SANDBOXING = YES;
				GCC_C_LANGUAGE_STANDARD = gnu17;
				GCC_NO_COMMON_BLOCKS = YES;
				GCC_WARN_64_TO_32_BIT_CONVERSION = YES;
				GCC_WARN_ABOUT_RETURN_TYPE = YES_ERROR;
				GCC_WARN_UNDECLARED_SELECTOR = YES;
				GCC_WARN_UNINITIALIZED_AUTOS = YES_AGGRESSIVE;
				GCC_WARN_UNUSED_FUNCTION = YES;
				GCC_WARN_UNUSED_VARIABLE = YES;
				IPHONEOS_DEPLOYMENT_TARGET = 17.5;
				LOCALIZATION_PREFERS_STRING_CATALOGS = YES;
				MTL_ENABLE_DEBUG_INFO = NO;
				MTL_FAST_MATH = YES;
				SDKROOT = iphoneos;
				SWIFT_COMPILATION_MODE = wholemodule;
				VALIDATE_PRODUCT = YES;
			};
			name = Release;
		};
		DEDB91472C17343600A8DA37 /* Debug */ = {
			isa = XCBuildConfiguration;
			buildSettings = {
				ASSETCATALOG_COMPILER_APPICON_NAME = AppIcon;
				ASSETCATALOG_COMPILER_GLOBAL_ACCENT_COLOR_NAME = AccentColor;
				CODE_SIGN_ENTITLEMENTS = "play-tag-with-negotiations/play-tag-with-negotiations.entitlements";
				CODE_SIGN_STYLE = Automatic;
				CURRENT_PROJECT_VERSION = 1;
				DEVELOPMENT_ASSET_PATHS = "\"play-tag-with-negotiations/Preview Content\"";
				DEVELOPMENT_TEAM = 85MXHZWC2N;
				ENABLE_PREVIEWS = YES;
				GENERATE_INFOPLIST_FILE = YES;
				INFOPLIST_FILE = "play-tag-with-negotiations/Info.plist";
				INFOPLIST_KEY_CFBundleDisplayName = "Catch or Trade";
				INFOPLIST_KEY_UIApplicationSceneManifest_Generation = YES;
				INFOPLIST_KEY_UIApplicationSupportsIndirectInputEvents = YES;
				INFOPLIST_KEY_UILaunchScreen_Generation = YES;
				INFOPLIST_KEY_UISupportedInterfaceOrientations_iPad = "UIInterfaceOrientationPortrait UIInterfaceOrientationPortraitUpsideDown UIInterfaceOrientationLandscapeLeft UIInterfaceOrientationLandscapeRight";
				INFOPLIST_KEY_UISupportedInterfaceOrientations_iPhone = "UIInterfaceOrientationPortrait UIInterfaceOrientationLandscapeLeft UIInterfaceOrientationLandscapeRight";
				IPHONEOS_DEPLOYMENT_TARGET = 18.0;
				LD_RUNPATH_SEARCH_PATHS = (
					"$(inherited)",
					"@executable_path/Frameworks",
				);
				MARKETING_VERSION = 1.0;
				PRODUCT_BUNDLE_IDENTIFIER = "com.litech.play-tag-with-negotiations";
				PRODUCT_NAME = "$(TARGET_NAME)";
				SWIFT_EMIT_LOC_STRINGS = YES;
				SWIFT_VERSION = 5.0;
				TARGETED_DEVICE_FAMILY = "1,2";
			};
			name = Debug;
		};
		DEDB91482C17343600A8DA37 /* Release */ = {
			isa = XCBuildConfiguration;
			buildSettings = {
				ASSETCATALOG_COMPILER_APPICON_NAME = AppIcon;
				ASSETCATALOG_COMPILER_GLOBAL_ACCENT_COLOR_NAME = AccentColor;
				CODE_SIGN_ENTITLEMENTS = "play-tag-with-negotiations/play-tag-with-negotiations.entitlements";
				CODE_SIGN_STYLE = Automatic;
				CURRENT_PROJECT_VERSION = 1;
				DEVELOPMENT_ASSET_PATHS = "\"play-tag-with-negotiations/Preview Content\"";
				DEVELOPMENT_TEAM = 85MXHZWC2N;
				ENABLE_PREVIEWS = YES;
				GENERATE_INFOPLIST_FILE = YES;
				INFOPLIST_FILE = "play-tag-with-negotiations/Info.plist";
				INFOPLIST_KEY_CFBundleDisplayName = "Catch or Trade";
				INFOPLIST_KEY_UIApplicationSceneManifest_Generation = YES;
				INFOPLIST_KEY_UIApplicationSupportsIndirectInputEvents = YES;
				INFOPLIST_KEY_UILaunchScreen_Generation = YES;
				INFOPLIST_KEY_UISupportedInterfaceOrientations_iPad = "UIInterfaceOrientationPortrait UIInterfaceOrientationPortraitUpsideDown UIInterfaceOrientationLandscapeLeft UIInterfaceOrientationLandscapeRight";
				INFOPLIST_KEY_UISupportedInterfaceOrientations_iPhone = "UIInterfaceOrientationPortrait UIInterfaceOrientationLandscapeLeft UIInterfaceOrientationLandscapeRight";
				IPHONEOS_DEPLOYMENT_TARGET = 18.0;
				LD_RUNPATH_SEARCH_PATHS = (
					"$(inherited)",
					"@executable_path/Frameworks",
				);
				MARKETING_VERSION = 1.0;
				PRODUCT_BUNDLE_IDENTIFIER = "com.litech.play-tag-with-negotiations";
				PRODUCT_NAME = "$(TARGET_NAME)";
				SWIFT_EMIT_LOC_STRINGS = YES;
				SWIFT_VERSION = 5.0;
				TARGETED_DEVICE_FAMILY = "1,2";
			};
			name = Release;
		};
/* End XCBuildConfiguration section */

/* Begin XCConfigurationList section */
		DEDB91332C17343500A8DA37 /* Build configuration list for PBXProject "play-tag-with-negotiations" */ = {
			isa = XCConfigurationList;
			buildConfigurations = (
				DEDB91442C17343600A8DA37 /* Debug */,
				DEDB91452C17343600A8DA37 /* Release */,
			);
			defaultConfigurationIsVisible = 0;
			defaultConfigurationName = Release;
		};
		DEDB91462C17343600A8DA37 /* Build configuration list for PBXNativeTarget "play-tag-with-negotiations" */ = {
			isa = XCConfigurationList;
			buildConfigurations = (
				DEDB91472C17343600A8DA37 /* Debug */,
				DEDB91482C17343600A8DA37 /* Release */,
			);
			defaultConfigurationIsVisible = 0;
			defaultConfigurationName = Release;
		};
/* End XCConfigurationList section */

/* Begin XCRemoteSwiftPackageReference section */
		DECFBB312C844CA000093544 /* XCRemoteSwiftPackageReference "firebase-ios-sdk" */ = {
			isa = XCRemoteSwiftPackageReference;
			repositoryURL = "https://github.com/firebase/firebase-ios-sdk";
			requirement = {
				kind = upToNextMajorVersion;
				minimumVersion = 11.1.0;
			};
		};
		DECFBB382C844CAB00093544 /* XCRemoteSwiftPackageReference "GoogleSignIn-iOS" */ = {
			isa = XCRemoteSwiftPackageReference;
			repositoryURL = "https://github.com/google/GoogleSignIn-iOS";
			requirement = {
				kind = upToNextMajorVersion;
				minimumVersion = 8.0.0;
			};
		};
		DEDD96C12D072D1D008BAAF7 /* XCRemoteSwiftPackageReference "swift-algorithms" */ = {
			isa = XCRemoteSwiftPackageReference;
			repositoryURL = "https://github.com/apple/swift-algorithms.git";
			requirement = {
				kind = upToNextMajorVersion;
				minimumVersion = 1.2.0;
			};
		};
/* End XCRemoteSwiftPackageReference section */

/* Begin XCSwiftPackageProductDependency section */
		DECFBB322C844CA000093544 /* FirebaseAuth */ = {
			isa = XCSwiftPackageProductDependency;
			package = DECFBB312C844CA000093544 /* XCRemoteSwiftPackageReference "firebase-ios-sdk" */;
			productName = FirebaseAuth;
		};
		DECFBB342C844CA000093544 /* FirebaseFirestore */ = {
			isa = XCSwiftPackageProductDependency;
			package = DECFBB312C844CA000093544 /* XCRemoteSwiftPackageReference "firebase-ios-sdk" */;
			productName = FirebaseFirestore;
		};
		DECFBB362C844CA000093544 /* FirebaseStorage */ = {
			isa = XCSwiftPackageProductDependency;
			package = DECFBB312C844CA000093544 /* XCRemoteSwiftPackageReference "firebase-ios-sdk" */;
			productName = FirebaseStorage;
		};
		DECFBB392C844CAB00093544 /* GoogleSignIn */ = {
			isa = XCSwiftPackageProductDependency;
			package = DECFBB382C844CAB00093544 /* XCRemoteSwiftPackageReference "GoogleSignIn-iOS" */;
			productName = GoogleSignIn;
		};
		DECFBB3B2C844CAC00093544 /* GoogleSignInSwift */ = {
			isa = XCSwiftPackageProductDependency;
			package = DECFBB382C844CAB00093544 /* XCRemoteSwiftPackageReference "GoogleSignIn-iOS" */;
			productName = GoogleSignInSwift;
		};
		DEDD96C22D072D1D008BAAF7 /* Algorithms */ = {
			isa = XCSwiftPackageProductDependency;
			package = DEDD96C12D072D1D008BAAF7 /* XCRemoteSwiftPackageReference "swift-algorithms" */;
			productName = Algorithms;
		};
/* End XCSwiftPackageProductDependency section */
	};
	rootObject = DEDB91302C17343500A8DA37 /* Project object */;
}
