// !$*UTF8*$!
{
	archiveVersion = 1;
	classes = {
	};
	objectVersion = 56;
	objects = {

/* Begin PBXBuildFile section */
		DE12A74A2C553F6D00F7B0DF /* MovePanelViewButton.swift in Sources */ = {isa = PBXBuildFile; fileRef = DE12A7492C553F6D00F7B0DF /* MovePanelViewButton.swift */; };
		DE12A74F2C66722C00F7B0DF /* ResultView.swift in Sources */ = {isa = PBXBuildFile; fileRef = DE12A74E2C66722C00F7B0DF /* ResultView.swift */; };
		DE12A7532C6672CD00F7B0DF /* ResultViewCell.swift in Sources */ = {isa = PBXBuildFile; fileRef = DE12A7522C6672CD00F7B0DF /* ResultViewCell.swift */; };
		DE12A75C2C6FD0D800F7B0DF /* OperationPlayers.swift in Sources */ = {isa = PBXBuildFile; fileRef = DE12A75B2C6FD0D800F7B0DF /* OperationPlayers.swift */; };
		DE12A75E2C75883B00F7B0DF /* Notice.swift in Sources */ = {isa = PBXBuildFile; fileRef = DE12A75D2C75883B00F7B0DF /* Notice.swift */; };
		DE12A7612C758E8900F7B0DF /* NoticeView.swift in Sources */ = {isa = PBXBuildFile; fileRef = DE12A7602C758E8900F7B0DF /* NoticeView.swift */; };
		DE12A7632C75999700F7B0DF /* NoticeViewCell.swift in Sources */ = {isa = PBXBuildFile; fileRef = DE12A7622C75999700F7B0DF /* NoticeViewCell.swift */; };
		DE12A7662C7A242900F7B0DF /* InviteView.swift in Sources */ = {isa = PBXBuildFile; fileRef = DE12A7652C7A242900F7B0DF /* InviteView.swift */; };
		DE12A7682C7A243300F7B0DF /* InviteViewCell.swift in Sources */ = {isa = PBXBuildFile; fileRef = DE12A7672C7A243300F7B0DF /* InviteViewCell.swift */; };
		DEA9AF502CCD231B005CFF6D /* DealCreate.swift in Sources */ = {isa = PBXBuildFile; fileRef = DEA9AF4F2CCD2314005CFF6D /* DealCreate.swift */; };
		DEA9AF522CCD23C3005CFF6D /* Propose.swift in Sources */ = {isa = PBXBuildFile; fileRef = DEA9AF512CCD23C1005CFF6D /* Propose.swift */; };
		DEAB384E2C1DC27D007639F6 /* WaitingRoomView.swift in Sources */ = {isa = PBXBuildFile; fileRef = DEAB384D2C1DC27D007639F6 /* WaitingRoomView.swift */; };
		DEAB385B2C1E9165007639F6 /* GoogleService-Info.plist in Resources */ = {isa = PBXBuildFile; fileRef = DEAB385A2C1E9165007639F6 /* GoogleService-Info.plist */; };
		DEAB38622C1EA178007639F6 /* Google.swift in Sources */ = {isa = PBXBuildFile; fileRef = DEAB38612C1EA178007639F6 /* Google.swift */; };
		DEAB386C2C1EAAA6007639F6 /* UserDataStore.swift in Sources */ = {isa = PBXBuildFile; fileRef = DEAB386B2C1EAAA6007639F6 /* UserDataStore.swift */; };
		DEAB386F2C1EB32E007639F6 /* User.swift in Sources */ = {isa = PBXBuildFile; fileRef = DEAB386E2C1EB32E007639F6 /* User.swift */; };
		DEAB38752C205FA8007639F6 /* PublicRoomsViewCell.swift in Sources */ = {isa = PBXBuildFile; fileRef = DEAB38742C205FA8007639F6 /* PublicRoomsViewCell.swift */; };
		DEAB38782C2060D3007639F6 /* MyPageListView.swift in Sources */ = {isa = PBXBuildFile; fileRef = DEAB38772C2060D3007639F6 /* MyPageListView.swift */; };
		DEAB387B2C2061C2007639F6 /* WaitingRoomViewCell.swift in Sources */ = {isa = PBXBuildFile; fileRef = DEAB387A2C2061C2007639F6 /* WaitingRoomViewCell.swift */; };
		DECFBB232C7ACA1700093544 /* DealPanelView.swift in Sources */ = {isa = PBXBuildFile; fileRef = DECFBB222C7ACA1700093544 /* DealPanelView.swift */; };
		DECFBB252C7ACA2300093544 /* DealPanelViewCell.swift in Sources */ = {isa = PBXBuildFile; fileRef = DECFBB242C7ACA2300093544 /* DealPanelViewCell.swift */; };
		DECFBB272C7ADF7000093544 /* Negotiation.swift in Sources */ = {isa = PBXBuildFile; fileRef = DECFBB262C7ADF7000093544 /* Negotiation.swift */; };
		DECFBB292C81F17900093544 /* Deal.swift in Sources */ = {isa = PBXBuildFile; fileRef = DECFBB282C81F17900093544 /* Deal.swift */; };
		DECFBB2D2C8387EC00093544 /* Get.swift in Sources */ = {isa = PBXBuildFile; fileRef = DECFBB2C2C8387EC00093544 /* Get.swift */; };
		DECFBB332C844CA000093544 /* FirebaseAuth in Frameworks */ = {isa = PBXBuildFile; productRef = DECFBB322C844CA000093544 /* FirebaseAuth */; };
		DECFBB352C844CA000093544 /* FirebaseFirestore in Frameworks */ = {isa = PBXBuildFile; productRef = DECFBB342C844CA000093544 /* FirebaseFirestore */; };
		DECFBB372C844CA000093544 /* FirebaseStorage in Frameworks */ = {isa = PBXBuildFile; productRef = DECFBB362C844CA000093544 /* FirebaseStorage */; };
		DECFBB3A2C844CAB00093544 /* GoogleSignIn in Frameworks */ = {isa = PBXBuildFile; productRef = DECFBB392C844CAB00093544 /* GoogleSignIn */; };
		DECFBB3C2C844CAC00093544 /* GoogleSignInSwift in Frameworks */ = {isa = PBXBuildFile; productRef = DECFBB3B2C844CAC00093544 /* GoogleSignInSwift */; };
		DEDB913C2C17343500A8DA37 /* play_tag_with_negotiationsApp.swift in Sources */ = {isa = PBXBuildFile; fileRef = DEDB913B2C17343500A8DA37 /* play_tag_with_negotiationsApp.swift */; };
		DEDB913E2C17343500A8DA37 /* ContentView.swift in Sources */ = {isa = PBXBuildFile; fileRef = DEDB913D2C17343500A8DA37 /* ContentView.swift */; };
		DEDB91402C17343600A8DA37 /* Assets.xcassets in Resources */ = {isa = PBXBuildFile; fileRef = DEDB913F2C17343600A8DA37 /* Assets.xcassets */; };
		DEDB91432C17343600A8DA37 /* Preview Assets.xcassets in Resources */ = {isa = PBXBuildFile; fileRef = DEDB91422C17343600A8DA37 /* Preview Assets.xcassets */; };
		DEDB914E2C173A2400A8DA37 /* PlayTagRoom.swift in Sources */ = {isa = PBXBuildFile; fileRef = DEDB914D2C173A2400A8DA37 /* PlayTagRoom.swift */; };
		DEDB91502C173F7C00A8DA37 /* Player.swift in Sources */ = {isa = PBXBuildFile; fileRef = DEDB914F2C173F7C00A8DA37 /* Player.swift */; };
		DEDB91532C17417700A8DA37 /* PublicRoomsView.swift in Sources */ = {isa = PBXBuildFile; fileRef = DEDB91522C17417700A8DA37 /* PublicRoomsView.swift */; };
		DEDB91552C18890400A8DA37 /* RoomSettingView.swift in Sources */ = {isa = PBXBuildFile; fileRef = DEDB91542C18890400A8DA37 /* RoomSettingView.swift */; };
		DEDB91582C189BCB00A8DA37 /* RoomSettingViewCell.swift in Sources */ = {isa = PBXBuildFile; fileRef = DEDB91572C189BCB00A8DA37 /* RoomSettingViewCell.swift */; };
		DEDB915A2C1B378900A8DA37 /* MyPageView.swift in Sources */ = {isa = PBXBuildFile; fileRef = DEDB91592C1B378900A8DA37 /* MyPageView.swift */; };
		DEDEF6D42C21BA1800A01FFF /* Create.swift in Sources */ = {isa = PBXBuildFile; fileRef = DEDEF6D32C21BA1800A01FFF /* Create.swift */; };
		DEDEF6E82C23283200A01FFF /* Update.swift in Sources */ = {isa = PBXBuildFile; fileRef = DEDEF6E72C23283200A01FFF /* Update.swift */; };
		DEDEF6EA2C23303600A01FFF /* SignOut.swift in Sources */ = {isa = PBXBuildFile; fileRef = DEDEF6E92C23303600A01FFF /* SignOut.swift */; };
		DEDEF6EC2C23322D00A01FFF /* Check.swift in Sources */ = {isa = PBXBuildFile; fileRef = DEDEF6EB2C23322D00A01FFF /* Check.swift */; };
		DEDEF6EF2C2341D600A01FFF /* Apple.swift in Sources */ = {isa = PBXBuildFile; fileRef = DEDEF6EE2C2341D600A01FFF /* Apple.swift */; };
		DEDEF6F32C23C9AF00A01FFF /* GameView.swift in Sources */ = {isa = PBXBuildFile; fileRef = DEDEF6F22C23C9AF00A01FFF /* GameView.swift */; };
		DEDEF6F52C23C9BB00A01FFF /* FieldMapView.swift in Sources */ = {isa = PBXBuildFile; fileRef = DEDEF6F42C23C9BB00A01FFF /* FieldMapView.swift */; };
		DEFA1C1F2C8C976400CB4458 /* Success.swift in Sources */ = {isa = PBXBuildFile; fileRef = DEFA1C1E2C8C976400CB4458 /* Success.swift */; };
		DEFA1C212C8CB17700CB4458 /* DealPanelViewNegotiationCell.swift in Sources */ = {isa = PBXBuildFile; fileRef = DEFA1C202C8CB17700CB4458 /* DealPanelViewNegotiationCell.swift */; };
		DEFA1C232C8CC43C00CB4458 /* DealUpdate.swift in Sources */ = {isa = PBXBuildFile; fileRef = DEFA1C222C8CC43C00CB4458 /* DealUpdate.swift */; };
		DEFA1C252C8DB0FF00CB4458 /* Fulfill.swift in Sources */ = {isa = PBXBuildFile; fileRef = DEFA1C242C8DB0FF00CB4458 /* Fulfill.swift */; };
		DEFA1C272C941D9D00CB4458 /* Mission.swift in Sources */ = {isa = PBXBuildFile; fileRef = DEFA1C262C941D9D00CB4458 /* Mission.swift */; };
		DEFA1C292C950EDD00CB4458 /* Quest.swift in Sources */ = {isa = PBXBuildFile; fileRef = DEFA1C282C950EDD00CB4458 /* Quest.swift */; };
		DEFA1C2C2C951A0800CB4458 /* QuestTargetPanelView.swift in Sources */ = {isa = PBXBuildFile; fileRef = DEFA1C2B2C951A0800CB4458 /* QuestTargetPanelView.swift */; };
		DEFA1C2E2C953A4B00CB4458 /* QuestTargetPanelVIewCell.swift in Sources */ = {isa = PBXBuildFile; fileRef = DEFA1C2D2C953A4B00CB4458 /* QuestTargetPanelVIewCell.swift */; };
		DEFA1C312C953BAF00CB4458 /* QuestPanelView.swift in Sources */ = {isa = PBXBuildFile; fileRef = DEFA1C302C953BAF00CB4458 /* QuestPanelView.swift */; };
		DEFA1C332C953DA800CB4458 /* QuestPanelViewCell.swift in Sources */ = {isa = PBXBuildFile; fileRef = DEFA1C322C953DA800CB4458 /* QuestPanelViewCell.swift */; };
		DEFA54D02C246E2300CF6BD1 /* PlayerPosition.swift in Sources */ = {isa = PBXBuildFile; fileRef = DEFA54CF2C246E2300CF6BD1 /* PlayerPosition.swift */; };
		DEFA54D22C3103D100CF6BD1 /* PlayerDataStore.swift in Sources */ = {isa = PBXBuildFile; fileRef = DEFA54D12C3103D100CF6BD1 /* PlayerDataStore.swift */; };
		DEFA54D52C3674EE00CF6BD1 /* Delete.swift in Sources */ = {isa = PBXBuildFile; fileRef = DEFA54D42C3674EE00CF6BD1 /* Delete.swift */; };
		DEFA54DA2C39076C00CF6BD1 /* RoomInfomationView.swift in Sources */ = {isa = PBXBuildFile; fileRef = DEFA54D92C39076C00CF6BD1 /* RoomInfomationView.swift */; };
		DEFA54DC2C3907D800CF6BD1 /* RoomInfomationViewCell.swift in Sources */ = {isa = PBXBuildFile; fileRef = DEFA54DB2C3907D800CF6BD1 /* RoomInfomationViewCell.swift */; };
		DEFA54DF2C3989FC00CF6BD1 /* Upload.swift in Sources */ = {isa = PBXBuildFile; fileRef = DEFA54DE2C3989FC00CF6BD1 /* Upload.swift */; };
		DEFA54E12C39955200CF6BD1 /* Download.swift in Sources */ = {isa = PBXBuildFile; fileRef = DEFA54E02C39955200CF6BD1 /* Download.swift */; };
		DEFA54F22C3D4E6400CF6BD1 /* CheckSignIn.swift in Sources */ = {isa = PBXBuildFile; fileRef = DEFA54F12C3D4E6400CF6BD1 /* CheckSignIn.swift */; };
		DEFA54F42C3D5C6700CF6BD1 /* RoomDataStore.swift in Sources */ = {isa = PBXBuildFile; fileRef = DEFA54F32C3D5C6700CF6BD1 /* RoomDataStore.swift */; };
		DEFA54F72C3E9EB800CF6BD1 /* PathDataStore.swift in Sources */ = {isa = PBXBuildFile; fileRef = DEFA54F62C3E9EB800CF6BD1 /* PathDataStore.swift */; };
		DEFA55002C401D6200CF6BD1 /* Friend.swift in Sources */ = {isa = PBXBuildFile; fileRef = DEFA54FF2C401D6200CF6BD1 /* Friend.swift */; };
		DEFA55032C40204500CF6BD1 /* SelectionView.swift in Sources */ = {isa = PBXBuildFile; fileRef = DEFA55022C40204500CF6BD1 /* SelectionView.swift */; };
		DEFA55052C402DB700CF6BD1 /* MovePanelView.swift in Sources */ = {isa = PBXBuildFile; fileRef = DEFA55042C402DB700CF6BD1 /* MovePanelView.swift */; };
		DEFA55072C4149A100CF6BD1 /* DealTargetPanelView.swift in Sources */ = {isa = PBXBuildFile; fileRef = DEFA55062C4149A100CF6BD1 /* DealTargetPanelView.swift */; };
		DEFA550A2C414AC500CF6BD1 /* DealTargetPanelViewCell.swift in Sources */ = {isa = PBXBuildFile; fileRef = DEFA55092C414AC500CF6BD1 /* DealTargetPanelViewCell.swift */; };
		DEFA550C2C416F8700CF6BD1 /* ControlPanelCoordination.swift in Sources */ = {isa = PBXBuildFile; fileRef = DEFA550B2C416F8700CF6BD1 /* ControlPanelCoordination.swift */; };
		DEFA550F2C4265A500CF6BD1 /* FriendView.swift in Sources */ = {isa = PBXBuildFile; fileRef = DEFA550E2C4265A500CF6BD1 /* FriendView.swift */; };
		DEFA55112C42669500CF6BD1 /* FriendDataStore.swift in Sources */ = {isa = PBXBuildFile; fileRef = DEFA55102C42669500CF6BD1 /* FriendDataStore.swift */; };
		DEFA55132C426CD200CF6BD1 /* FriendViewCell.swift in Sources */ = {isa = PBXBuildFile; fileRef = DEFA55122C426CD200CF6BD1 /* FriendViewCell.swift */; };
		DEFA55162C42BDF800CF6BD1 /* NotFriendViewCell.swift in Sources */ = {isa = PBXBuildFile; fileRef = DEFA55152C42BDF800CF6BD1 /* NotFriendViewCell.swift */; };
		DEFA551B2C43A07D00CF6BD1 /* ArrayExtension.swift in Sources */ = {isa = PBXBuildFile; fileRef = DEFA551A2C43A07D00CF6BD1 /* ArrayExtension.swift */; };
		DEFA551D2C4798B200CF6BD1 /* Observe.swift in Sources */ = {isa = PBXBuildFile; fileRef = DEFA551C2C4798B200CF6BD1 /* Observe.swift */; };
		DEFA55222C4C1FB200CF6BD1 /* SignInView.swift in Sources */ = {isa = PBXBuildFile; fileRef = DEFA55212C4C1FB200CF6BD1 /* SignInView.swift */; };
		DEFA55262C4EA1B300CF6BD1 /* FieldMapViewCell.swift in Sources */ = {isa = PBXBuildFile; fileRef = DEFA55252C4EA1B300CF6BD1 /* FieldMapViewCell.swift */; };
/* End PBXBuildFile section */

/* Begin PBXFileReference section */
		DE12A7492C553F6D00F7B0DF /* MovePanelViewButton.swift */ = {isa = PBXFileReference; lastKnownFileType = sourcecode.swift; path = MovePanelViewButton.swift; sourceTree = "<group>"; };
		DE12A74E2C66722C00F7B0DF /* ResultView.swift */ = {isa = PBXFileReference; lastKnownFileType = sourcecode.swift; path = ResultView.swift; sourceTree = "<group>"; };
		DE12A7522C6672CD00F7B0DF /* ResultViewCell.swift */ = {isa = PBXFileReference; lastKnownFileType = sourcecode.swift; path = ResultViewCell.swift; sourceTree = "<group>"; };
		DE12A75B2C6FD0D800F7B0DF /* OperationPlayers.swift */ = {isa = PBXFileReference; lastKnownFileType = sourcecode.swift; path = OperationPlayers.swift; sourceTree = "<group>"; };
		DE12A75D2C75883B00F7B0DF /* Notice.swift */ = {isa = PBXFileReference; lastKnownFileType = sourcecode.swift; path = Notice.swift; sourceTree = "<group>"; };
		DE12A7602C758E8900F7B0DF /* NoticeView.swift */ = {isa = PBXFileReference; lastKnownFileType = sourcecode.swift; path = NoticeView.swift; sourceTree = "<group>"; };
		DE12A7622C75999700F7B0DF /* NoticeViewCell.swift */ = {isa = PBXFileReference; lastKnownFileType = sourcecode.swift; path = NoticeViewCell.swift; sourceTree = "<group>"; };
		DE12A7652C7A242900F7B0DF /* InviteView.swift */ = {isa = PBXFileReference; lastKnownFileType = sourcecode.swift; path = InviteView.swift; sourceTree = "<group>"; };
		DE12A7672C7A243300F7B0DF /* InviteViewCell.swift */ = {isa = PBXFileReference; lastKnownFileType = sourcecode.swift; path = InviteViewCell.swift; sourceTree = "<group>"; };
		DEA9AF4F2CCD2314005CFF6D /* DealCreate.swift */ = {isa = PBXFileReference; lastKnownFileType = sourcecode.swift; path = DealCreate.swift; sourceTree = "<group>"; };
		DEA9AF512CCD23C1005CFF6D /* Propose.swift */ = {isa = PBXFileReference; lastKnownFileType = sourcecode.swift; path = Propose.swift; sourceTree = "<group>"; };
		DEAB384D2C1DC27D007639F6 /* WaitingRoomView.swift */ = {isa = PBXFileReference; lastKnownFileType = sourcecode.swift; path = WaitingRoomView.swift; sourceTree = "<group>"; };
		DEAB385A2C1E9165007639F6 /* GoogleService-Info.plist */ = {isa = PBXFileReference; fileEncoding = 4; lastKnownFileType = text.plist.xml; path = "GoogleService-Info.plist"; sourceTree = "<group>"; };
		DEAB38612C1EA178007639F6 /* Google.swift */ = {isa = PBXFileReference; lastKnownFileType = sourcecode.swift; path = Google.swift; sourceTree = "<group>"; };
		DEAB386B2C1EAAA6007639F6 /* UserDataStore.swift */ = {isa = PBXFileReference; lastKnownFileType = sourcecode.swift; path = UserDataStore.swift; sourceTree = "<group>"; };
		DEAB386D2C1EABED007639F6 /* Info.plist */ = {isa = PBXFileReference; lastKnownFileType = text.plist; path = Info.plist; sourceTree = "<group>"; };
		DEAB386E2C1EB32E007639F6 /* User.swift */ = {isa = PBXFileReference; lastKnownFileType = sourcecode.swift; path = User.swift; sourceTree = "<group>"; };
		DEAB38742C205FA8007639F6 /* PublicRoomsViewCell.swift */ = {isa = PBXFileReference; lastKnownFileType = sourcecode.swift; path = PublicRoomsViewCell.swift; sourceTree = "<group>"; };
		DEAB38772C2060D3007639F6 /* MyPageListView.swift */ = {isa = PBXFileReference; lastKnownFileType = sourcecode.swift; path = MyPageListView.swift; sourceTree = "<group>"; };
		DEAB387A2C2061C2007639F6 /* WaitingRoomViewCell.swift */ = {isa = PBXFileReference; lastKnownFileType = sourcecode.swift; path = WaitingRoomViewCell.swift; sourceTree = "<group>"; };
		DECFBB222C7ACA1700093544 /* DealPanelView.swift */ = {isa = PBXFileReference; lastKnownFileType = sourcecode.swift; path = DealPanelView.swift; sourceTree = "<group>"; };
		DECFBB242C7ACA2300093544 /* DealPanelViewCell.swift */ = {isa = PBXFileReference; lastKnownFileType = sourcecode.swift; path = DealPanelViewCell.swift; sourceTree = "<group>"; };
		DECFBB262C7ADF7000093544 /* Negotiation.swift */ = {isa = PBXFileReference; lastKnownFileType = sourcecode.swift; path = Negotiation.swift; sourceTree = "<group>"; };
		DECFBB282C81F17900093544 /* Deal.swift */ = {isa = PBXFileReference; lastKnownFileType = sourcecode.swift; path = Deal.swift; sourceTree = "<group>"; };
		DECFBB2C2C8387EC00093544 /* Get.swift */ = {isa = PBXFileReference; lastKnownFileType = sourcecode.swift; path = Get.swift; sourceTree = "<group>"; };
		DEDB91382C17343500A8DA37 /* play-tag-with-negotiations.app */ = {isa = PBXFileReference; explicitFileType = wrapper.application; includeInIndex = 0; path = "play-tag-with-negotiations.app"; sourceTree = BUILT_PRODUCTS_DIR; };
		DEDB913B2C17343500A8DA37 /* play_tag_with_negotiationsApp.swift */ = {isa = PBXFileReference; lastKnownFileType = sourcecode.swift; path = play_tag_with_negotiationsApp.swift; sourceTree = "<group>"; };
		DEDB913D2C17343500A8DA37 /* ContentView.swift */ = {isa = PBXFileReference; lastKnownFileType = sourcecode.swift; path = ContentView.swift; sourceTree = "<group>"; };
		DEDB913F2C17343600A8DA37 /* Assets.xcassets */ = {isa = PBXFileReference; lastKnownFileType = folder.assetcatalog; path = Assets.xcassets; sourceTree = "<group>"; };
		DEDB91422C17343600A8DA37 /* Preview Assets.xcassets */ = {isa = PBXFileReference; lastKnownFileType = folder.assetcatalog; path = "Preview Assets.xcassets"; sourceTree = "<group>"; };
		DEDB914D2C173A2400A8DA37 /* PlayTagRoom.swift */ = {isa = PBXFileReference; lastKnownFileType = sourcecode.swift; path = PlayTagRoom.swift; sourceTree = "<group>"; };
		DEDB914F2C173F7C00A8DA37 /* Player.swift */ = {isa = PBXFileReference; lastKnownFileType = sourcecode.swift; path = Player.swift; sourceTree = "<group>"; };
		DEDB91522C17417700A8DA37 /* PublicRoomsView.swift */ = {isa = PBXFileReference; lastKnownFileType = sourcecode.swift; path = PublicRoomsView.swift; sourceTree = "<group>"; };
		DEDB91542C18890400A8DA37 /* RoomSettingView.swift */ = {isa = PBXFileReference; lastKnownFileType = sourcecode.swift; path = RoomSettingView.swift; sourceTree = "<group>"; };
		DEDB91572C189BCB00A8DA37 /* RoomSettingViewCell.swift */ = {isa = PBXFileReference; lastKnownFileType = sourcecode.swift; path = RoomSettingViewCell.swift; sourceTree = "<group>"; };
		DEDB91592C1B378900A8DA37 /* MyPageView.swift */ = {isa = PBXFileReference; lastKnownFileType = sourcecode.swift; path = MyPageView.swift; sourceTree = "<group>"; };
		DEDEF6D32C21BA1800A01FFF /* Create.swift */ = {isa = PBXFileReference; lastKnownFileType = sourcecode.swift; path = Create.swift; sourceTree = "<group>"; };
		DEDEF6E72C23283200A01FFF /* Update.swift */ = {isa = PBXFileReference; lastKnownFileType = sourcecode.swift; path = Update.swift; sourceTree = "<group>"; };
		DEDEF6E92C23303600A01FFF /* SignOut.swift */ = {isa = PBXFileReference; lastKnownFileType = sourcecode.swift; path = SignOut.swift; sourceTree = "<group>"; };
		DEDEF6EB2C23322D00A01FFF /* Check.swift */ = {isa = PBXFileReference; lastKnownFileType = sourcecode.swift; path = Check.swift; sourceTree = "<group>"; };
		DEDEF6ED2C233C5B00A01FFF /* play-tag-with-negotiations.entitlements */ = {isa = PBXFileReference; lastKnownFileType = text.plist.entitlements; path = "play-tag-with-negotiations.entitlements"; sourceTree = "<group>"; };
		DEDEF6EE2C2341D600A01FFF /* Apple.swift */ = {isa = PBXFileReference; lastKnownFileType = sourcecode.swift; path = Apple.swift; sourceTree = "<group>"; };
		DEDEF6F22C23C9AF00A01FFF /* GameView.swift */ = {isa = PBXFileReference; lastKnownFileType = sourcecode.swift; path = GameView.swift; sourceTree = "<group>"; };
		DEDEF6F42C23C9BB00A01FFF /* FieldMapView.swift */ = {isa = PBXFileReference; lastKnownFileType = sourcecode.swift; path = FieldMapView.swift; sourceTree = "<group>"; };
		DEFA1C1E2C8C976400CB4458 /* Success.swift */ = {isa = PBXFileReference; lastKnownFileType = sourcecode.swift; path = Success.swift; sourceTree = "<group>"; };
		DEFA1C202C8CB17700CB4458 /* DealPanelViewNegotiationCell.swift */ = {isa = PBXFileReference; lastKnownFileType = sourcecode.swift; path = DealPanelViewNegotiationCell.swift; sourceTree = "<group>"; };
		DEFA1C222C8CC43C00CB4458 /* DealUpdate.swift */ = {isa = PBXFileReference; lastKnownFileType = sourcecode.swift; path = DealUpdate.swift; sourceTree = "<group>"; };
		DEFA1C242C8DB0FF00CB4458 /* Fulfill.swift */ = {isa = PBXFileReference; lastKnownFileType = sourcecode.swift; path = Fulfill.swift; sourceTree = "<group>"; };
		DEFA1C262C941D9D00CB4458 /* Mission.swift */ = {isa = PBXFileReference; lastKnownFileType = sourcecode.swift; path = Mission.swift; sourceTree = "<group>"; };
		DEFA1C282C950EDD00CB4458 /* Quest.swift */ = {isa = PBXFileReference; lastKnownFileType = sourcecode.swift; path = Quest.swift; sourceTree = "<group>"; };
		DEFA1C2B2C951A0800CB4458 /* QuestTargetPanelView.swift */ = {isa = PBXFileReference; lastKnownFileType = sourcecode.swift; path = QuestTargetPanelView.swift; sourceTree = "<group>"; };
		DEFA1C2D2C953A4B00CB4458 /* QuestTargetPanelVIewCell.swift */ = {isa = PBXFileReference; lastKnownFileType = sourcecode.swift; path = QuestTargetPanelVIewCell.swift; sourceTree = "<group>"; };
		DEFA1C302C953BAF00CB4458 /* QuestPanelView.swift */ = {isa = PBXFileReference; lastKnownFileType = sourcecode.swift; path = QuestPanelView.swift; sourceTree = "<group>"; };
		DEFA1C322C953DA800CB4458 /* QuestPanelViewCell.swift */ = {isa = PBXFileReference; lastKnownFileType = sourcecode.swift; path = QuestPanelViewCell.swift; sourceTree = "<group>"; };
		DEFA54CF2C246E2300CF6BD1 /* PlayerPosition.swift */ = {isa = PBXFileReference; lastKnownFileType = sourcecode.swift; path = PlayerPosition.swift; sourceTree = "<group>"; };
		DEFA54D12C3103D100CF6BD1 /* PlayerDataStore.swift */ = {isa = PBXFileReference; lastKnownFileType = sourcecode.swift; path = PlayerDataStore.swift; sourceTree = "<group>"; };
		DEFA54D42C3674EE00CF6BD1 /* Delete.swift */ = {isa = PBXFileReference; lastKnownFileType = sourcecode.swift; path = Delete.swift; sourceTree = "<group>"; };
		DEFA54D92C39076C00CF6BD1 /* RoomInfomationView.swift */ = {isa = PBXFileReference; lastKnownFileType = sourcecode.swift; path = RoomInfomationView.swift; sourceTree = "<group>"; };
		DEFA54DB2C3907D800CF6BD1 /* RoomInfomationViewCell.swift */ = {isa = PBXFileReference; lastKnownFileType = sourcecode.swift; path = RoomInfomationViewCell.swift; sourceTree = "<group>"; };
		DEFA54DE2C3989FC00CF6BD1 /* Upload.swift */ = {isa = PBXFileReference; lastKnownFileType = sourcecode.swift; path = Upload.swift; sourceTree = "<group>"; };
		DEFA54E02C39955200CF6BD1 /* Download.swift */ = {isa = PBXFileReference; lastKnownFileType = sourcecode.swift; path = Download.swift; sourceTree = "<group>"; };
		DEFA54F12C3D4E6400CF6BD1 /* CheckSignIn.swift */ = {isa = PBXFileReference; lastKnownFileType = sourcecode.swift; path = CheckSignIn.swift; sourceTree = "<group>"; };
		DEFA54F32C3D5C6700CF6BD1 /* RoomDataStore.swift */ = {isa = PBXFileReference; lastKnownFileType = sourcecode.swift; path = RoomDataStore.swift; sourceTree = "<group>"; };
		DEFA54F62C3E9EB800CF6BD1 /* PathDataStore.swift */ = {isa = PBXFileReference; lastKnownFileType = sourcecode.swift; path = PathDataStore.swift; sourceTree = "<group>"; };
		DEFA54FF2C401D6200CF6BD1 /* Friend.swift */ = {isa = PBXFileReference; lastKnownFileType = sourcecode.swift; path = Friend.swift; sourceTree = "<group>"; };
		DEFA55022C40204500CF6BD1 /* SelectionView.swift */ = {isa = PBXFileReference; lastKnownFileType = sourcecode.swift; path = SelectionView.swift; sourceTree = "<group>"; };
		DEFA55042C402DB700CF6BD1 /* MovePanelView.swift */ = {isa = PBXFileReference; lastKnownFileType = sourcecode.swift; path = MovePanelView.swift; sourceTree = "<group>"; };
		DEFA55062C4149A100CF6BD1 /* DealTargetPanelView.swift */ = {isa = PBXFileReference; lastKnownFileType = sourcecode.swift; path = DealTargetPanelView.swift; sourceTree = "<group>"; };
		DEFA55092C414AC500CF6BD1 /* DealTargetPanelViewCell.swift */ = {isa = PBXFileReference; lastKnownFileType = sourcecode.swift; path = DealTargetPanelViewCell.swift; sourceTree = "<group>"; };
		DEFA550B2C416F8700CF6BD1 /* ControlPanelCoordination.swift */ = {isa = PBXFileReference; lastKnownFileType = sourcecode.swift; path = ControlPanelCoordination.swift; sourceTree = "<group>"; };
		DEFA550E2C4265A500CF6BD1 /* FriendView.swift */ = {isa = PBXFileReference; lastKnownFileType = sourcecode.swift; path = FriendView.swift; sourceTree = "<group>"; };
		DEFA55102C42669500CF6BD1 /* FriendDataStore.swift */ = {isa = PBXFileReference; lastKnownFileType = sourcecode.swift; path = FriendDataStore.swift; sourceTree = "<group>"; };
		DEFA55122C426CD200CF6BD1 /* FriendViewCell.swift */ = {isa = PBXFileReference; lastKnownFileType = sourcecode.swift; path = FriendViewCell.swift; sourceTree = "<group>"; };
		DEFA55152C42BDF800CF6BD1 /* NotFriendViewCell.swift */ = {isa = PBXFileReference; lastKnownFileType = sourcecode.swift; path = NotFriendViewCell.swift; sourceTree = "<group>"; };
		DEFA551A2C43A07D00CF6BD1 /* ArrayExtension.swift */ = {isa = PBXFileReference; lastKnownFileType = sourcecode.swift; path = ArrayExtension.swift; sourceTree = "<group>"; };
		DEFA551C2C4798B200CF6BD1 /* Observe.swift */ = {isa = PBXFileReference; fileEncoding = 4; lastKnownFileType = sourcecode.swift; path = Observe.swift; sourceTree = "<group>"; };
		DEFA55212C4C1FB200CF6BD1 /* SignInView.swift */ = {isa = PBXFileReference; lastKnownFileType = sourcecode.swift; path = SignInView.swift; sourceTree = "<group>"; };
		DEFA55252C4EA1B300CF6BD1 /* FieldMapViewCell.swift */ = {isa = PBXFileReference; lastKnownFileType = sourcecode.swift; path = FieldMapViewCell.swift; sourceTree = "<group>"; };
/* End PBXFileReference section */

/* Begin PBXFrameworksBuildPhase section */
		DEDB91352C17343500A8DA37 /* Frameworks */ = {
			isa = PBXFrameworksBuildPhase;
			buildActionMask = 2147483647;
			files = (
				DECFBB3C2C844CAC00093544 /* GoogleSignInSwift in Frameworks */,
				DECFBB332C844CA000093544 /* FirebaseAuth in Frameworks */,
				DECFBB3A2C844CAB00093544 /* GoogleSignIn in Frameworks */,
				DECFBB352C844CA000093544 /* FirebaseFirestore in Frameworks */,
				DECFBB372C844CA000093544 /* FirebaseStorage in Frameworks */,
			);
			runOnlyForDeploymentPostprocessing = 0;
		};
/* End PBXFrameworksBuildPhase section */

/* Begin PBXGroup section */
		DE12A7482C553F3800F7B0DF /* MovePanel */ = {
			isa = PBXGroup;
			children = (
				DEFA55042C402DB700CF6BD1 /* MovePanelView.swift */,
				DE12A7492C553F6D00F7B0DF /* MovePanelViewButton.swift */,
			);
			path = MovePanel;
			sourceTree = "<group>";
		};
		DE12A74D2C66721900F7B0DF /* Result */ = {
			isa = PBXGroup;
			children = (
				DE12A74E2C66722C00F7B0DF /* ResultView.swift */,
				DE12A7522C6672CD00F7B0DF /* ResultViewCell.swift */,
			);
			path = Result;
			sourceTree = "<group>";
		};
		DE12A75F2C758E7900F7B0DF /* NoticeView */ = {
			isa = PBXGroup;
			children = (
				DE12A7602C758E8900F7B0DF /* NoticeView.swift */,
				DE12A7622C75999700F7B0DF /* NoticeViewCell.swift */,
			);
			path = NoticeView;
			sourceTree = "<group>";
		};
		DE12A7642C7A240A00F7B0DF /* Invite */ = {
			isa = PBXGroup;
			children = (
				DE12A7652C7A242900F7B0DF /* InviteView.swift */,
				DE12A7672C7A243300F7B0DF /* InviteViewCell.swift */,
			);
			path = Invite;
			sourceTree = "<group>";
		};
		DEAB38632C1EA17C007639F6 /* Model */ = {
			isa = PBXGroup;
			children = (
				DEAB38712C1EBC45007639F6 /* DataStore */,
				DEDB914C2C17393300A8DA37 /* Entity */,
				DEAB38722C1F0D9A007639F6 /* Repository */,
			);
			path = Model;
			sourceTree = "<group>";
		};
		DEAB38642C1EA183007639F6 /* View */ = {
			isa = PBXGroup;
			children = (
				DEDB913D2C17343500A8DA37 /* ContentView.swift */,
				DEFA55212C4C1FB200CF6BD1 /* SignInView.swift */,
				DEAB38732C205F2B007639F6 /* PublicRooms */,
				DE12A75F2C758E7900F7B0DF /* NoticeView */,
				DEDB91562C189BAF00A8DA37 /* RoomSetting */,
				DEAB38762C206083007639F6 /* MyPage */,
				DEAB38792C206170007639F6 /* WaitingRoom */,
				DEDEF6F02C23C92E00A01FFF /* Game */,
				DE12A74D2C66721900F7B0DF /* Result */,
			);
			path = View;
			sourceTree = "<group>";
		};
		DEAB38692C1EAA7F007639F6 /* Auth */ = {
			isa = PBXGroup;
			children = (
				DEAB38612C1EA178007639F6 /* Google.swift */,
				DEDEF6EE2C2341D600A01FFF /* Apple.swift */,
				DEFA54F12C3D4E6400CF6BD1 /* CheckSignIn.swift */,
				DEDEF6E92C23303600A01FFF /* SignOut.swift */,
			);
			path = Auth;
			sourceTree = "<group>";
		};
		DEAB38712C1EBC45007639F6 /* DataStore */ = {
			isa = PBXGroup;
			children = (
				DEAB386B2C1EAAA6007639F6 /* UserDataStore.swift */,
				DEFA54D12C3103D100CF6BD1 /* PlayerDataStore.swift */,
				DEFA55102C42669500CF6BD1 /* FriendDataStore.swift */,
				DEFA54F32C3D5C6700CF6BD1 /* RoomDataStore.swift */,
				DEFA54F62C3E9EB800CF6BD1 /* PathDataStore.swift */,
			);
			path = DataStore;
			sourceTree = "<group>";
		};
		DEAB38722C1F0D9A007639F6 /* Repository */ = {
			isa = PBXGroup;
			children = (
				DEAB38692C1EAA7F007639F6 /* Auth */,
				DEDEF6D02C21B97800A01FFF /* Firestore */,
				DEFA54DD2C3989D500CF6BD1 /* Storage */,
				DE12A75B2C6FD0D800F7B0DF /* OperationPlayers.swift */,
				DEFA1C1D2C8C971C00CB4458 /* Deal */,
			);
			path = Repository;
			sourceTree = "<group>";
		};
		DEAB38732C205F2B007639F6 /* PublicRooms */ = {
			isa = PBXGroup;
			children = (
				DEDB91522C17417700A8DA37 /* PublicRoomsView.swift */,
				DEAB38742C205FA8007639F6 /* PublicRoomsViewCell.swift */,
			);
			path = PublicRooms;
			sourceTree = "<group>";
		};
		DEAB38762C206083007639F6 /* MyPage */ = {
			isa = PBXGroup;
			children = (
				DEDB91592C1B378900A8DA37 /* MyPageView.swift */,
				DEAB38772C2060D3007639F6 /* MyPageListView.swift */,
				DEFA550D2C42659700CF6BD1 /* Friend */,
			);
			path = MyPage;
			sourceTree = "<group>";
		};
		DEAB38792C206170007639F6 /* WaitingRoom */ = {
			isa = PBXGroup;
			children = (
				DEAB384D2C1DC27D007639F6 /* WaitingRoomView.swift */,
				DEAB387A2C2061C2007639F6 /* WaitingRoomViewCell.swift */,
				DEFA54F02C3AFF7F00CF6BD1 /* RoomInfomation */,
				DE12A7642C7A240A00F7B0DF /* Invite */,
			);
			path = WaitingRoom;
			sourceTree = "<group>";
		};
		DECFBB212C7ACA0600093544 /* DealTargetPanel */ = {
			isa = PBXGroup;
			children = (
				DEFA55062C4149A100CF6BD1 /* DealTargetPanelView.swift */,
				DEFA55092C414AC500CF6BD1 /* DealTargetPanelViewCell.swift */,
				DEFA55082C414A9F00CF6BD1 /* DealPanel */,
			);
			path = DealTargetPanel;
			sourceTree = "<group>";
		};
		DECFBB2A2C836BF000093544 /* Create */ = {
			isa = PBXGroup;
			children = (
				DEDEF6D32C21BA1800A01FFF /* Create.swift */,
				DEA9AF4F2CCD2314005CFF6D /* DealCreate.swift */,
			);
			path = Create;
			sourceTree = "<group>";
		};
		DECFBB2B2C83874700093544 /* Read */ = {
			isa = PBXGroup;
			children = (
				DEDEF6EB2C23322D00A01FFF /* Check.swift */,
				DECFBB2C2C8387EC00093544 /* Get.swift */,
			);
			path = Read;
			sourceTree = "<group>";
		};
		DECFBB2E2C8388BB00093544 /* Update */ = {
			isa = PBXGroup;
			children = (
				DEDEF6E72C23283200A01FFF /* Update.swift */,
				DEFA1C222C8CC43C00CB4458 /* DealUpdate.swift */,
			);
			path = Update;
			sourceTree = "<group>";
		};
		DECFBB2F2C838A4700093544 /* Delete */ = {
			isa = PBXGroup;
			children = (
				DEFA54D42C3674EE00CF6BD1 /* Delete.swift */,
			);
			path = Delete;
			sourceTree = "<group>";
		};
		DECFBB302C838A4E00093544 /* Observe */ = {
			isa = PBXGroup;
			children = (
				DEFA551C2C4798B200CF6BD1 /* Observe.swift */,
			);
			path = Observe;
			sourceTree = "<group>";
		};
		DEDB912F2C17343500A8DA37 = {
			isa = PBXGroup;
			children = (
				DEDB913A2C17343500A8DA37 /* play-tag-with-negotiations */,
				DEDB91392C17343500A8DA37 /* Products */,
			);
			sourceTree = "<group>";
		};
		DEDB91392C17343500A8DA37 /* Products */ = {
			isa = PBXGroup;
			children = (
				DEDB91382C17343500A8DA37 /* play-tag-with-negotiations.app */,
			);
			name = Products;
			sourceTree = "<group>";
		};
		DEDB913A2C17343500A8DA37 /* play-tag-with-negotiations */ = {
			isa = PBXGroup;
			children = (
				DEDEF6ED2C233C5B00A01FFF /* play-tag-with-negotiations.entitlements */,
				DEAB386D2C1EABED007639F6 /* Info.plist */,
				DEDB913B2C17343500A8DA37 /* play_tag_with_negotiationsApp.swift */,
				DEAB38632C1EA17C007639F6 /* Model */,
				DEAB38642C1EA183007639F6 /* View */,
				DEDB913F2C17343600A8DA37 /* Assets.xcassets */,
				DEAB385A2C1E9165007639F6 /* GoogleService-Info.plist */,
				DEDB91412C17343600A8DA37 /* Preview Content */,
			);
			path = "play-tag-with-negotiations";
			sourceTree = "<group>";
		};
		DEDB91412C17343600A8DA37 /* Preview Content */ = {
			isa = PBXGroup;
			children = (
				DEDB91422C17343600A8DA37 /* Preview Assets.xcassets */,
			);
			path = "Preview Content";
			sourceTree = "<group>";
		};
		DEDB914C2C17393300A8DA37 /* Entity */ = {
			isa = PBXGroup;
			children = (
				DEAB386E2C1EB32E007639F6 /* User.swift */,
				DEDB914F2C173F7C00A8DA37 /* Player.swift */,
				DEFA54CF2C246E2300CF6BD1 /* PlayerPosition.swift */,
				DEFA54FF2C401D6200CF6BD1 /* Friend.swift */,
				DEDB914D2C173A2400A8DA37 /* PlayTagRoom.swift */,
				DE12A75D2C75883B00F7B0DF /* Notice.swift */,
				DECFBB262C7ADF7000093544 /* Negotiation.swift */,
				DECFBB282C81F17900093544 /* Deal.swift */,
				DEFA1C262C941D9D00CB4458 /* Mission.swift */,
				DEFA1C282C950EDD00CB4458 /* Quest.swift */,
				DEFA551A2C43A07D00CF6BD1 /* ArrayExtension.swift */,
			);
			path = Entity;
			sourceTree = "<group>";
		};
		DEDB91562C189BAF00A8DA37 /* RoomSetting */ = {
			isa = PBXGroup;
			children = (
				DEDB91542C18890400A8DA37 /* RoomSettingView.swift */,
				DEDB91572C189BCB00A8DA37 /* RoomSettingViewCell.swift */,
			);
			path = RoomSetting;
			sourceTree = "<group>";
		};
		DEDEF6D02C21B97800A01FFF /* Firestore */ = {
			isa = PBXGroup;
			children = (
				DECFBB2A2C836BF000093544 /* Create */,
				DECFBB2B2C83874700093544 /* Read */,
				DECFBB2E2C8388BB00093544 /* Update */,
				DECFBB2F2C838A4700093544 /* Delete */,
				DECFBB302C838A4E00093544 /* Observe */,
			);
			path = Firestore;
			sourceTree = "<group>";
		};
		DEDEF6F02C23C92E00A01FFF /* Game */ = {
			isa = PBXGroup;
			children = (
				DEDEF6F22C23C9AF00A01FFF /* GameView.swift */,
				DEDEF6F12C23C9A000A01FFF /* Element */,
			);
			path = Game;
			sourceTree = "<group>";
		};
		DEDEF6F12C23C9A000A01FFF /* Element */ = {
			isa = PBXGroup;
			children = (
				DEFA55272C4EA98A00CF6BD1 /* FieldMap */,
				DEFA54F52C3D71B300CF6BD1 /* ControlPanel */,
			);
			path = Element;
			sourceTree = "<group>";
		};
		DEFA1C1D2C8C971C00CB4458 /* Deal */ = {
			isa = PBXGroup;
			children = (
				DEA9AF512CCD23C1005CFF6D /* Propose.swift */,
				DEFA1C1E2C8C976400CB4458 /* Success.swift */,
				DEFA1C242C8DB0FF00CB4458 /* Fulfill.swift */,
			);
			path = Deal;
			sourceTree = "<group>";
		};
		DEFA1C2A2C9519E500CB4458 /* QuestTargetPanel */ = {
			isa = PBXGroup;
			children = (
				DEFA1C2B2C951A0800CB4458 /* QuestTargetPanelView.swift */,
				DEFA1C2D2C953A4B00CB4458 /* QuestTargetPanelVIewCell.swift */,
				DEFA1C2F2C953B5800CB4458 /* QuestPanelView */,
			);
			path = QuestTargetPanel;
			sourceTree = "<group>";
		};
		DEFA1C2F2C953B5800CB4458 /* QuestPanelView */ = {
			isa = PBXGroup;
			children = (
				DEFA1C302C953BAF00CB4458 /* QuestPanelView.swift */,
				DEFA1C322C953DA800CB4458 /* QuestPanelViewCell.swift */,
			);
			path = QuestPanelView;
			sourceTree = "<group>";
		};
		DEFA54DD2C3989D500CF6BD1 /* Storage */ = {
			isa = PBXGroup;
			children = (
				DEFA54DE2C3989FC00CF6BD1 /* Upload.swift */,
				DEFA54E02C39955200CF6BD1 /* Download.swift */,
			);
			path = Storage;
			sourceTree = "<group>";
		};
		DEFA54F02C3AFF7F00CF6BD1 /* RoomInfomation */ = {
			isa = PBXGroup;
			children = (
				DEFA54D92C39076C00CF6BD1 /* RoomInfomationView.swift */,
				DEFA54DB2C3907D800CF6BD1 /* RoomInfomationViewCell.swift */,
			);
			path = RoomInfomation;
			sourceTree = "<group>";
		};
		DEFA54F52C3D71B300CF6BD1 /* ControlPanel */ = {
			isa = PBXGroup;
			children = (
				DEFA55022C40204500CF6BD1 /* SelectionView.swift */,
				DEFA550B2C416F8700CF6BD1 /* ControlPanelCoordination.swift */,
				DEFA55012C40203600CF6BD1 /* Elements */,
			);
			path = ControlPanel;
			sourceTree = "<group>";
		};
		DEFA55012C40203600CF6BD1 /* Elements */ = {
			isa = PBXGroup;
			children = (
				DE12A7482C553F3800F7B0DF /* MovePanel */,
				DECFBB212C7ACA0600093544 /* DealTargetPanel */,
				DEFA1C2A2C9519E500CB4458 /* QuestTargetPanel */,
			);
			path = Elements;
			sourceTree = "<group>";
		};
		DEFA55082C414A9F00CF6BD1 /* DealPanel */ = {
			isa = PBXGroup;
			children = (
				DECFBB222C7ACA1700093544 /* DealPanelView.swift */,
				DECFBB242C7ACA2300093544 /* DealPanelViewCell.swift */,
				DEFA1C202C8CB17700CB4458 /* DealPanelViewNegotiationCell.swift */,
			);
			path = DealPanel;
			sourceTree = "<group>";
		};
		DEFA550D2C42659700CF6BD1 /* Friend */ = {
			isa = PBXGroup;
			children = (
				DEFA550E2C4265A500CF6BD1 /* FriendView.swift */,
				DEFA55142C42BDD600CF6BD1 /* FriendViewCell */,
			);
			path = Friend;
			sourceTree = "<group>";
		};
		DEFA55142C42BDD600CF6BD1 /* FriendViewCell */ = {
			isa = PBXGroup;
			children = (
				DEFA55122C426CD200CF6BD1 /* FriendViewCell.swift */,
				DEFA55152C42BDF800CF6BD1 /* NotFriendViewCell.swift */,
			);
			path = FriendViewCell;
			sourceTree = "<group>";
		};
		DEFA55272C4EA98A00CF6BD1 /* FieldMap */ = {
			isa = PBXGroup;
			children = (
				DEDEF6F42C23C9BB00A01FFF /* FieldMapView.swift */,
				DEFA55252C4EA1B300CF6BD1 /* FieldMapViewCell.swift */,
			);
			path = FieldMap;
			sourceTree = "<group>";
		};
/* End PBXGroup section */

/* Begin PBXNativeTarget section */
		DEDB91372C17343500A8DA37 /* play-tag-with-negotiations */ = {
			isa = PBXNativeTarget;
			buildConfigurationList = DEDB91462C17343600A8DA37 /* Build configuration list for PBXNativeTarget "play-tag-with-negotiations" */;
			buildPhases = (
				DEDB91342C17343500A8DA37 /* Sources */,
				DEDB91352C17343500A8DA37 /* Frameworks */,
				DEDB91362C17343500A8DA37 /* Resources */,
			);
			buildRules = (
			);
			dependencies = (
			);
			name = "play-tag-with-negotiations";
			packageProductDependencies = (
				DECFBB322C844CA000093544 /* FirebaseAuth */,
				DECFBB342C844CA000093544 /* FirebaseFirestore */,
				DECFBB362C844CA000093544 /* FirebaseStorage */,
				DECFBB392C844CAB00093544 /* GoogleSignIn */,
				DECFBB3B2C844CAC00093544 /* GoogleSignInSwift */,
			);
			productName = "play-tag-with-negotiations";
			productReference = DEDB91382C17343500A8DA37 /* play-tag-with-negotiations.app */;
			productType = "com.apple.product-type.application";
		};
/* End PBXNativeTarget section */

/* Begin PBXProject section */
		DEDB91302C17343500A8DA37 /* Project object */ = {
			isa = PBXProject;
			attributes = {
				BuildIndependentTargetsInParallel = 1;
				LastSwiftUpdateCheck = 1540;
				LastUpgradeCheck = 1540;
				TargetAttributes = {
					DEDB91372C17343500A8DA37 = {
						CreatedOnToolsVersion = 15.4;
					};
				};
			};
			buildConfigurationList = DEDB91332C17343500A8DA37 /* Build configuration list for PBXProject "play-tag-with-negotiations" */;
			compatibilityVersion = "Xcode 14.0";
			developmentRegion = ja;
			hasScannedForEncodings = 0;
			knownRegions = (
				en,
				Base,
				ja,
			);
			mainGroup = DEDB912F2C17343500A8DA37;
			packageReferences = (
				DECFBB312C844CA000093544 /* XCRemoteSwiftPackageReference "firebase-ios-sdk" */,
				DECFBB382C844CAB00093544 /* XCRemoteSwiftPackageReference "GoogleSignIn-iOS" */,
			);
			productRefGroup = DEDB91392C17343500A8DA37 /* Products */;
			projectDirPath = "";
			projectRoot = "";
			targets = (
				DEDB91372C17343500A8DA37 /* play-tag-with-negotiations */,
			);
		};
/* End PBXProject section */

/* Begin PBXResourcesBuildPhase section */
		DEDB91362C17343500A8DA37 /* Resources */ = {
			isa = PBXResourcesBuildPhase;
			buildActionMask = 2147483647;
			files = (
				DEDB91432C17343600A8DA37 /* Preview Assets.xcassets in Resources */,
				DEDB91402C17343600A8DA37 /* Assets.xcassets in Resources */,
				DEAB385B2C1E9165007639F6 /* GoogleService-Info.plist in Resources */,
			);
			runOnlyForDeploymentPostprocessing = 0;
		};
/* End PBXResourcesBuildPhase section */

/* Begin PBXSourcesBuildPhase section */
		DEDB91342C17343500A8DA37 /* Sources */ = {
			isa = PBXSourcesBuildPhase;
			buildActionMask = 2147483647;
			files = (
				DECFBB252C7ACA2300093544 /* DealPanelViewCell.swift in Sources */,
				DEFA1C2E2C953A4B00CB4458 /* QuestTargetPanelVIewCell.swift in Sources */,
				DEAB38752C205FA8007639F6 /* PublicRoomsViewCell.swift in Sources */,
				DECFBB232C7ACA1700093544 /* DealPanelView.swift in Sources */,
				DEFA1C312C953BAF00CB4458 /* QuestPanelView.swift in Sources */,
				DEDEF6EC2C23322D00A01FFF /* Check.swift in Sources */,
				DEDEF6EA2C23303600A01FFF /* SignOut.swift in Sources */,
				DE12A7612C758E8900F7B0DF /* NoticeView.swift in Sources */,
				DE12A7532C6672CD00F7B0DF /* ResultViewCell.swift in Sources */,
				DEDEF6D42C21BA1800A01FFF /* Create.swift in Sources */,
				DEFA1C272C941D9D00CB4458 /* Mission.swift in Sources */,
				DE12A74A2C553F6D00F7B0DF /* MovePanelViewButton.swift in Sources */,
				DE12A74F2C66722C00F7B0DF /* ResultView.swift in Sources */,
				DEFA54DC2C3907D800CF6BD1 /* RoomInfomationViewCell.swift in Sources */,
				DEAB38622C1EA178007639F6 /* Google.swift in Sources */,
				DEDEF6E82C23283200A01FFF /* Update.swift in Sources */,
				DEFA1C232C8CC43C00CB4458 /* DealUpdate.swift in Sources */,
				DEDB91582C189BCB00A8DA37 /* RoomSettingViewCell.swift in Sources */,
				DEFA55072C4149A100CF6BD1 /* DealTargetPanelView.swift in Sources */,
				DEFA55222C4C1FB200CF6BD1 /* SignInView.swift in Sources */,
				DEFA54DF2C3989FC00CF6BD1 /* Upload.swift in Sources */,
				DEFA1C212C8CB17700CB4458 /* DealPanelViewNegotiationCell.swift in Sources */,
				DEDEF6EF2C2341D600A01FFF /* Apple.swift in Sources */,
				DE12A7632C75999700F7B0DF /* NoticeViewCell.swift in Sources */,
				DEA9AF522CCD23C3005CFF6D /* Propose.swift in Sources */,
				DEDB915A2C1B378900A8DA37 /* MyPageView.swift in Sources */,
				DEA9AF502CCD231B005CFF6D /* DealCreate.swift in Sources */,
				DEFA54F72C3E9EB800CF6BD1 /* PathDataStore.swift in Sources */,
				DEFA550C2C416F8700CF6BD1 /* ControlPanelCoordination.swift in Sources */,
				DEDB91502C173F7C00A8DA37 /* Player.swift in Sources */,
				DEFA54DA2C39076C00CF6BD1 /* RoomInfomationView.swift in Sources */,
				DEDEF6F52C23C9BB00A01FFF /* FieldMapView.swift in Sources */,
				DEFA1C292C950EDD00CB4458 /* Quest.swift in Sources */,
				DEFA551B2C43A07D00CF6BD1 /* ArrayExtension.swift in Sources */,
				DE12A7682C7A243300F7B0DF /* InviteViewCell.swift in Sources */,
				DECFBB272C7ADF7000093544 /* Negotiation.swift in Sources */,
				DEFA54D52C3674EE00CF6BD1 /* Delete.swift in Sources */,
				DEFA551D2C4798B200CF6BD1 /* Observe.swift in Sources */,
				DEDB914E2C173A2400A8DA37 /* PlayTagRoom.swift in Sources */,
				DEAB386C2C1EAAA6007639F6 /* UserDataStore.swift in Sources */,
				DEAB38782C2060D3007639F6 /* MyPageListView.swift in Sources */,
				DEFA1C2C2C951A0800CB4458 /* QuestTargetPanelView.swift in Sources */,
				DEFA55032C40204500CF6BD1 /* SelectionView.swift in Sources */,
				DEFA54F42C3D5C6700CF6BD1 /* RoomDataStore.swift in Sources */,
				DEDB913E2C17343500A8DA37 /* ContentView.swift in Sources */,
				DEFA54E12C39955200CF6BD1 /* Download.swift in Sources */,
				DEFA55112C42669500CF6BD1 /* FriendDataStore.swift in Sources */,
				DEFA54F22C3D4E6400CF6BD1 /* CheckSignIn.swift in Sources */,
				DEAB387B2C2061C2007639F6 /* WaitingRoomViewCell.swift in Sources */,
				DEFA55052C402DB700CF6BD1 /* MovePanelView.swift in Sources */,
				DEFA55162C42BDF800CF6BD1 /* NotFriendViewCell.swift in Sources */,
				DEFA1C1F2C8C976400CB4458 /* Success.swift in Sources */,
				DEDB913C2C17343500A8DA37 /* play_tag_with_negotiationsApp.swift in Sources */,
				DEAB386F2C1EB32E007639F6 /* User.swift in Sources */,
				DECFBB2D2C8387EC00093544 /* Get.swift in Sources */,
				DEFA54D22C3103D100CF6BD1 /* PlayerDataStore.swift in Sources */,
				DEFA1C332C953DA800CB4458 /* QuestPanelViewCell.swift in Sources */,
				DEAB384E2C1DC27D007639F6 /* WaitingRoomView.swift in Sources */,
				DE12A75C2C6FD0D800F7B0DF /* OperationPlayers.swift in Sources */,
				DEDB91552C18890400A8DA37 /* RoomSettingView.swift in Sources */,
				DEFA550A2C414AC500CF6BD1 /* DealTargetPanelViewCell.swift in Sources */,
				DEFA55132C426CD200CF6BD1 /* FriendViewCell.swift in Sources */,
				DEFA1C252C8DB0FF00CB4458 /* Fulfill.swift in Sources */,
				DECFBB292C81F17900093544 /* Deal.swift in Sources */,
				DEDB91532C17417700A8DA37 /* PublicRoomsView.swift in Sources */,
				DEFA55002C401D6200CF6BD1 /* Friend.swift in Sources */,
				DEFA54D02C246E2300CF6BD1 /* PlayerPosition.swift in Sources */,
				DE12A7662C7A242900F7B0DF /* InviteView.swift in Sources */,
				DEFA550F2C4265A500CF6BD1 /* FriendView.swift in Sources */,
				DEFA55262C4EA1B300CF6BD1 /* FieldMapViewCell.swift in Sources */,
				DEDEF6F32C23C9AF00A01FFF /* GameView.swift in Sources */,
				DE12A75E2C75883B00F7B0DF /* Notice.swift in Sources */,
			);
			runOnlyForDeploymentPostprocessing = 0;
		};
/* End PBXSourcesBuildPhase section */

/* Begin XCBuildConfiguration section */
		DEDB91442C17343600A8DA37 /* Debug */ = {
			isa = XCBuildConfiguration;
			buildSettings = {
				ALWAYS_SEARCH_USER_PATHS = NO;
				ASSETCATALOG_COMPILER_GENERATE_SWIFT_ASSET_SYMBOL_EXTENSIONS = YES;
				CLANG_ANALYZER_NONNULL = YES;
				CLANG_ANALYZER_NUMBER_OBJECT_CONVERSION = YES_AGGRESSIVE;
				CLANG_CXX_LANGUAGE_STANDARD = "gnu++20";
				CLANG_ENABLE_MODULES = YES;
				CLANG_ENABLE_OBJC_ARC = YES;
				CLANG_ENABLE_OBJC_WEAK = YES;
				CLANG_WARN_BLOCK_CAPTURE_AUTORELEASING = YES;
				CLANG_WARN_BOOL_CONVERSION = YES;
				CLANG_WARN_COMMA = YES;
				CLANG_WARN_CONSTANT_CONVERSION = YES;
				CLANG_WARN_DEPRECATED_OBJC_IMPLEMENTATIONS = YES;
				CLANG_WARN_DIRECT_OBJC_ISA_USAGE = YES_ERROR;
				CLANG_WARN_DOCUMENTATION_COMMENTS = YES;
				CLANG_WARN_EMPTY_BODY = YES;
				CLANG_WARN_ENUM_CONVERSION = YES;
				CLANG_WARN_INFINITE_RECURSION = YES;
				CLANG_WARN_INT_CONVERSION = YES;
				CLANG_WARN_NON_LITERAL_NULL_CONVERSION = YES;
				CLANG_WARN_OBJC_IMPLICIT_RETAIN_SELF = YES;
				CLANG_WARN_OBJC_LITERAL_CONVERSION = YES;
				CLANG_WARN_OBJC_ROOT_CLASS = YES_ERROR;
				CLANG_WARN_QUOTED_INCLUDE_IN_FRAMEWORK_HEADER = YES;
				CLANG_WARN_RANGE_LOOP_ANALYSIS = YES;
				CLANG_WARN_STRICT_PROTOTYPES = YES;
				CLANG_WARN_SUSPICIOUS_MOVE = YES;
				CLANG_WARN_UNGUARDED_AVAILABILITY = YES_AGGRESSIVE;
				CLANG_WARN_UNREACHABLE_CODE = YES;
				CLANG_WARN__DUPLICATE_METHOD_MATCH = YES;
				COPY_PHASE_STRIP = NO;
				DEBUG_INFORMATION_FORMAT = dwarf;
				ENABLE_STRICT_OBJC_MSGSEND = YES;
				ENABLE_TESTABILITY = YES;
				ENABLE_USER_SCRIPT_SANDBOXING = YES;
				GCC_C_LANGUAGE_STANDARD = gnu17;
				GCC_DYNAMIC_NO_PIC = NO;
				GCC_NO_COMMON_BLOCKS = YES;
				GCC_OPTIMIZATION_LEVEL = 0;
				GCC_PREPROCESSOR_DEFINITIONS = (
					"DEBUG=1",
					"$(inherited)",
				);
				GCC_WARN_64_TO_32_BIT_CONVERSION = YES;
				GCC_WARN_ABOUT_RETURN_TYPE = YES_ERROR;
				GCC_WARN_UNDECLARED_SELECTOR = YES;
				GCC_WARN_UNINITIALIZED_AUTOS = YES_AGGRESSIVE;
				GCC_WARN_UNUSED_FUNCTION = YES;
				GCC_WARN_UNUSED_VARIABLE = YES;
				IPHONEOS_DEPLOYMENT_TARGET = 17.5;
				LOCALIZATION_PREFERS_STRING_CATALOGS = YES;
				MTL_ENABLE_DEBUG_INFO = INCLUDE_SOURCE;
				MTL_FAST_MATH = YES;
				ONLY_ACTIVE_ARCH = YES;
				SDKROOT = iphoneos;
				SWIFT_ACTIVE_COMPILATION_CONDITIONS = "DEBUG $(inherited)";
				SWIFT_OPTIMIZATION_LEVEL = "-Onone";
			};
			name = Debug;
		};
		DEDB91452C17343600A8DA37 /* Release */ = {
			isa = XCBuildConfiguration;
			buildSettings = {
				ALWAYS_SEARCH_USER_PATHS = NO;
				ASSETCATALOG_COMPILER_GENERATE_SWIFT_ASSET_SYMBOL_EXTENSIONS = YES;
				CLANG_ANALYZER_NONNULL = YES;
				CLANG_ANALYZER_NUMBER_OBJECT_CONVERSION = YES_AGGRESSIVE;
				CLANG_CXX_LANGUAGE_STANDARD = "gnu++20";
				CLANG_ENABLE_MODULES = YES;
				CLANG_ENABLE_OBJC_ARC = YES;
				CLANG_ENABLE_OBJC_WEAK = YES;
				CLANG_WARN_BLOCK_CAPTURE_AUTORELEASING = YES;
				CLANG_WARN_BOOL_CONVERSION = YES;
				CLANG_WARN_COMMA = YES;
				CLANG_WARN_CONSTANT_CONVERSION = YES;
				CLANG_WARN_DEPRECATED_OBJC_IMPLEMENTATIONS = YES;
				CLANG_WARN_DIRECT_OBJC_ISA_USAGE = YES_ERROR;
				CLANG_WARN_DOCUMENTATION_COMMENTS = YES;
				CLANG_WARN_EMPTY_BODY = YES;
				CLANG_WARN_ENUM_CONVERSION = YES;
				CLANG_WARN_INFINITE_RECURSION = YES;
				CLANG_WARN_INT_CONVERSION = YES;
				CLANG_WARN_NON_LITERAL_NULL_CONVERSION = YES;
				CLANG_WARN_OBJC_IMPLICIT_RETAIN_SELF = YES;
				CLANG_WARN_OBJC_LITERAL_CONVERSION = YES;
				CLANG_WARN_OBJC_ROOT_CLASS = YES_ERROR;
				CLANG_WARN_QUOTED_INCLUDE_IN_FRAMEWORK_HEADER = YES;
				CLANG_WARN_RANGE_LOOP_ANALYSIS = YES;
				CLANG_WARN_STRICT_PROTOTYPES = YES;
				CLANG_WARN_SUSPICIOUS_MOVE = YES;
				CLANG_WARN_UNGUARDED_AVAILABILITY = YES_AGGRESSIVE;
				CLANG_WARN_UNREACHABLE_CODE = YES;
				CLANG_WARN__DUPLICATE_METHOD_MATCH = YES;
				COPY_PHASE_STRIP = NO;
				DEBUG_INFORMATION_FORMAT = "dwarf-with-dsym";
				ENABLE_NS_ASSERTIONS = NO;
				ENABLE_STRICT_OBJC_MSGSEND = YES;
				ENABLE_USER_SCRIPT_SANDBOXING = YES;
				GCC_C_LANGUAGE_STANDARD = gnu17;
				GCC_NO_COMMON_BLOCKS = YES;
				GCC_WARN_64_TO_32_BIT_CONVERSION = YES;
				GCC_WARN_ABOUT_RETURN_TYPE = YES_ERROR;
				GCC_WARN_UNDECLARED_SELECTOR = YES;
				GCC_WARN_UNINITIALIZED_AUTOS = YES_AGGRESSIVE;
				GCC_WARN_UNUSED_FUNCTION = YES;
				GCC_WARN_UNUSED_VARIABLE = YES;
				IPHONEOS_DEPLOYMENT_TARGET = 17.5;
				LOCALIZATION_PREFERS_STRING_CATALOGS = YES;
				MTL_ENABLE_DEBUG_INFO = NO;
				MTL_FAST_MATH = YES;
				SDKROOT = iphoneos;
				SWIFT_COMPILATION_MODE = wholemodule;
				VALIDATE_PRODUCT = YES;
			};
			name = Release;
		};
		DEDB91472C17343600A8DA37 /* Debug */ = {
			isa = XCBuildConfiguration;
			buildSettings = {
				ASSETCATALOG_COMPILER_APPICON_NAME = AppIcon;
				ASSETCATALOG_COMPILER_GLOBAL_ACCENT_COLOR_NAME = AccentColor;
				CODE_SIGN_ENTITLEMENTS = "play-tag-with-negotiations/play-tag-with-negotiations.entitlements";
				CODE_SIGN_STYLE = Automatic;
				CURRENT_PROJECT_VERSION = 1;
				DEVELOPMENT_ASSET_PATHS = "\"play-tag-with-negotiations/Preview Content\"";
				DEVELOPMENT_TEAM = 85MXHZWC2N;
				ENABLE_PREVIEWS = YES;
				GENERATE_INFOPLIST_FILE = YES;
				INFOPLIST_FILE = "play-tag-with-negotiations/Info.plist";
				INFOPLIST_KEY_CFBundleDisplayName = "Catch or Trade";
				INFOPLIST_KEY_UIApplicationSceneManifest_Generation = YES;
				INFOPLIST_KEY_UIApplicationSupportsIndirectInputEvents = YES;
				INFOPLIST_KEY_UILaunchScreen_Generation = YES;
				INFOPLIST_KEY_UISupportedInterfaceOrientations_iPad = "UIInterfaceOrientationPortrait UIInterfaceOrientationPortraitUpsideDown UIInterfaceOrientationLandscapeLeft UIInterfaceOrientationLandscapeRight";
				INFOPLIST_KEY_UISupportedInterfaceOrientations_iPhone = "UIInterfaceOrientationPortrait UIInterfaceOrientationLandscapeLeft UIInterfaceOrientationLandscapeRight";
				LD_RUNPATH_SEARCH_PATHS = (
					"$(inherited)",
					"@executable_path/Frameworks",
				);
				MARKETING_VERSION = 1.0;
				PRODUCT_BUNDLE_IDENTIFIER = "com.litech.play-tag-with-negotiations";
				PRODUCT_NAME = "$(TARGET_NAME)";
				SWIFT_EMIT_LOC_STRINGS = YES;
				SWIFT_VERSION = 5.0;
				TARGETED_DEVICE_FAMILY = "1,2";
			};
			name = Debug;
		};
		DEDB91482C17343600A8DA37 /* Release */ = {
			isa = XCBuildConfiguration;
			buildSettings = {
				ASSETCATALOG_COMPILER_APPICON_NAME = AppIcon;
				ASSETCATALOG_COMPILER_GLOBAL_ACCENT_COLOR_NAME = AccentColor;
				CODE_SIGN_ENTITLEMENTS = "play-tag-with-negotiations/play-tag-with-negotiations.entitlements";
				CODE_SIGN_STYLE = Automatic;
				CURRENT_PROJECT_VERSION = 1;
				DEVELOPMENT_ASSET_PATHS = "\"play-tag-with-negotiations/Preview Content\"";
				DEVELOPMENT_TEAM = 85MXHZWC2N;
				ENABLE_PREVIEWS = YES;
				GENERATE_INFOPLIST_FILE = YES;
				INFOPLIST_FILE = "play-tag-with-negotiations/Info.plist";
				INFOPLIST_KEY_CFBundleDisplayName = "Catch or Trade";
				INFOPLIST_KEY_UIApplicationSceneManifest_Generation = YES;
				INFOPLIST_KEY_UIApplicationSupportsIndirectInputEvents = YES;
				INFOPLIST_KEY_UILaunchScreen_Generation = YES;
				INFOPLIST_KEY_UISupportedInterfaceOrientations_iPad = "UIInterfaceOrientationPortrait UIInterfaceOrientationPortraitUpsideDown UIInterfaceOrientationLandscapeLeft UIInterfaceOrientationLandscapeRight";
				INFOPLIST_KEY_UISupportedInterfaceOrientations_iPhone = "UIInterfaceOrientationPortrait UIInterfaceOrientationLandscapeLeft UIInterfaceOrientationLandscapeRight";
				LD_RUNPATH_SEARCH_PATHS = (
					"$(inherited)",
					"@executable_path/Frameworks",
				);
				MARKETING_VERSION = 1.0;
				PRODUCT_BUNDLE_IDENTIFIER = "com.litech.play-tag-with-negotiations";
				PRODUCT_NAME = "$(TARGET_NAME)";
				SWIFT_EMIT_LOC_STRINGS = YES;
				SWIFT_VERSION = 5.0;
				TARGETED_DEVICE_FAMILY = "1,2";
			};
			name = Release;
		};
/* End XCBuildConfiguration section */

/* Begin XCConfigurationList section */
		DEDB91332C17343500A8DA37 /* Build configuration list for PBXProject "play-tag-with-negotiations" */ = {
			isa = XCConfigurationList;
			buildConfigurations = (
				DEDB91442C17343600A8DA37 /* Debug */,
				DEDB91452C17343600A8DA37 /* Release */,
			);
			defaultConfigurationIsVisible = 0;
			defaultConfigurationName = Release;
		};
		DEDB91462C17343600A8DA37 /* Build configuration list for PBXNativeTarget "play-tag-with-negotiations" */ = {
			isa = XCConfigurationList;
			buildConfigurations = (
				DEDB91472C17343600A8DA37 /* Debug */,
				DEDB91482C17343600A8DA37 /* Release */,
			);
			defaultConfigurationIsVisible = 0;
			defaultConfigurationName = Release;
		};
/* End XCConfigurationList section */

/* Begin XCRemoteSwiftPackageReference section */
		DECFBB312C844CA000093544 /* XCRemoteSwiftPackageReference "firebase-ios-sdk" */ = {
			isa = XCRemoteSwiftPackageReference;
			repositoryURL = "https://github.com/firebase/firebase-ios-sdk";
			requirement = {
				kind = upToNextMajorVersion;
				minimumVersion = 11.1.0;
			};
		};
		DECFBB382C844CAB00093544 /* XCRemoteSwiftPackageReference "GoogleSignIn-iOS" */ = {
			isa = XCRemoteSwiftPackageReference;
			repositoryURL = "https://github.com/google/GoogleSignIn-iOS";
			requirement = {
				kind = upToNextMajorVersion;
				minimumVersion = 8.0.0;
			};
		};
/* End XCRemoteSwiftPackageReference section */

/* Begin XCSwiftPackageProductDependency section */
		DECFBB322C844CA000093544 /* FirebaseAuth */ = {
			isa = XCSwiftPackageProductDependency;
			package = DECFBB312C844CA000093544 /* XCRemoteSwiftPackageReference "firebase-ios-sdk" */;
			productName = FirebaseAuth;
		};
		DECFBB342C844CA000093544 /* FirebaseFirestore */ = {
			isa = XCSwiftPackageProductDependency;
			package = DECFBB312C844CA000093544 /* XCRemoteSwiftPackageReference "firebase-ios-sdk" */;
			productName = FirebaseFirestore;
		};
		DECFBB362C844CA000093544 /* FirebaseStorage */ = {
			isa = XCSwiftPackageProductDependency;
			package = DECFBB312C844CA000093544 /* XCRemoteSwiftPackageReference "firebase-ios-sdk" */;
			productName = FirebaseStorage;
		};
		DECFBB392C844CAB00093544 /* GoogleSignIn */ = {
			isa = XCSwiftPackageProductDependency;
			package = DECFBB382C844CAB00093544 /* XCRemoteSwiftPackageReference "GoogleSignIn-iOS" */;
			productName = GoogleSignIn;
		};
		DECFBB3B2C844CAC00093544 /* GoogleSignInSwift */ = {
			isa = XCSwiftPackageProductDependency;
			package = DECFBB382C844CAB00093544 /* XCRemoteSwiftPackageReference "GoogleSignIn-iOS" */;
			productName = GoogleSignInSwift;
		};
/* End XCSwiftPackageProductDependency section */
	};
	rootObject = DEDB91302C17343500A8DA37 /* Project object */;
}
